// !$*UTF8*$!
{
	archiveVersion = 1;
	classes = {
	};
	objectVersion = 50;
	objects = {

/* Begin PBXBuildFile section */
		3903828F2266864B003422D3 /* funguy.png in Resources */ = {isa = PBXBuildFile; fileRef = 3903828C2266864B003422D3 /* funguy.png */; };
		390382902266864B003422D3 /* HomeIcon.png in Resources */ = {isa = PBXBuildFile; fileRef = 3903828D2266864B003422D3 /* HomeIcon.png */; };
		390382912266864B003422D3 /* SettingsIcon.png in Resources */ = {isa = PBXBuildFile; fileRef = 3903828E2266864B003422D3 /* SettingsIcon.png */; };
		390382932266868F003422D3 /* AskHoward.storyboard in Resources */ = {isa = PBXBuildFile; fileRef = 390382922266868F003422D3 /* AskHoward.storyboard */; };
		39038295226689A3003422D3 /* AskHowardController.swift in Sources */ = {isa = PBXBuildFile; fileRef = 39038294226689A3003422D3 /* AskHowardController.swift */; };
		3903829722668B2A003422D3 /* questionMark.png in Resources */ = {isa = PBXBuildFile; fileRef = 3903829622668B2A003422D3 /* questionMark.png */; };
		3939DBE022564918001A8A7B /* Login.storyboard in Resources */ = {isa = PBXBuildFile; fileRef = 3939DBDF22564918001A8A7B /* Login.storyboard */; };
		3939DBE222564928001A8A7B /* Signup.storyboard in Resources */ = {isa = PBXBuildFile; fileRef = 3939DBE122564928001A8A7B /* Signup.storyboard */; };
		3939DBE422564943001A8A7B /* News.storyboard in Resources */ = {isa = PBXBuildFile; fileRef = 3939DBE322564943001A8A7B /* News.storyboard */; };
		3939DBE622564973001A8A7B /* NewsController.swift in Sources */ = {isa = PBXBuildFile; fileRef = 3939DBE522564973001A8A7B /* NewsController.swift */; };
		3939DBE822564989001A8A7B /* LoginController.swift in Sources */ = {isa = PBXBuildFile; fileRef = 3939DBE722564989001A8A7B /* LoginController.swift */; };
		3939DBEA2256499B001A8A7B /* SignupController.swift in Sources */ = {isa = PBXBuildFile; fileRef = 3939DBE92256499B001A8A7B /* SignupController.swift */; };
		3939DBEC225649B9001A8A7B /* LaunchScreenController.swift in Sources */ = {isa = PBXBuildFile; fileRef = 3939DBEB225649B9001A8A7B /* LaunchScreenController.swift */; };
		3939DBEE225649D7001A8A7B /* AppsController.swift in Sources */ = {isa = PBXBuildFile; fileRef = 3939DBED225649D7001A8A7B /* AppsController.swift */; };
		396027D4225E9A390007CCDD /* NewCallScreen.storyboard in Resources */ = {isa = PBXBuildFile; fileRef = 396027D3225E9A390007CCDD /* NewCallScreen.storyboard */; };
		396027D6225E9AD90007CCDD /* NewCallScreenController.swift in Sources */ = {isa = PBXBuildFile; fileRef = 396027D5225E9AD90007CCDD /* NewCallScreenController.swift */; };
		396E0DC3226FCCD7004F2C13 /* NewCheckList.storyboard in Resources */ = {isa = PBXBuildFile; fileRef = 396E0DC2226FCCD7004F2C13 /* NewCheckList.storyboard */; };
		396E0DC5226FCD86004F2C13 /* NewCheckListController.swift in Sources */ = {isa = PBXBuildFile; fileRef = 396E0DC4226FCD86004F2C13 /* NewCheckListController.swift */; };
		3B7922AF22666051008B307F /* Seven_daysViewController.swift in Sources */ = {isa = PBXBuildFile; fileRef = 3B7922AC22666051008B307F /* Seven_daysViewController.swift */; };
		3B7922B022666051008B307F /* Green_mountainViewController.swift in Sources */ = {isa = PBXBuildFile; fileRef = 3B7922AD22666051008B307F /* Green_mountainViewController.swift */; };
		3B7922B122666051008B307F /* TimesViewController.swift in Sources */ = {isa = PBXBuildFile; fileRef = 3B7922AE22666051008B307F /* TimesViewController.swift */; };
		3BD10A5E22669B5C001D0B5B /* MapViewController.swift in Sources */ = {isa = PBXBuildFile; fileRef = 3BD10A5D22669B5C001D0B5B /* MapViewController.swift */; };
		9703856F22721E7C00C47655 /* Images in Resources */ = {isa = PBXBuildFile; fileRef = 9703856E22721E7C00C47655 /* Images */; };
		F7DC6500224D182A00C8EA66 /* AppDelegate.swift in Sources */ = {isa = PBXBuildFile; fileRef = F7DC64FF224D182A00C8EA66 /* AppDelegate.swift */; };
		F7DC6502224D182A00C8EA66 /* ViewController.swift in Sources */ = {isa = PBXBuildFile; fileRef = F7DC6501224D182A00C8EA66 /* ViewController.swift */; };
		F7DC6505224D182A00C8EA66 /* Main.storyboard in Resources */ = {isa = PBXBuildFile; fileRef = F7DC6503224D182A00C8EA66 /* Main.storyboard */; };
		F7DC6507224D182C00C8EA66 /* Assets.xcassets in Resources */ = {isa = PBXBuildFile; fileRef = F7DC6506224D182C00C8EA66 /* Assets.xcassets */; };
		F7DC650A224D182C00C8EA66 /* LaunchScreen.storyboard in Resources */ = {isa = PBXBuildFile; fileRef = F7DC6508224D182C00C8EA66 /* LaunchScreen.storyboard */; };
		F7DC6515224D182C00C8EA66 /* Howard2Tests.swift in Sources */ = {isa = PBXBuildFile; fileRef = F7DC6514224D182C00C8EA66 /* Howard2Tests.swift */; };
		F7DC6520224D182C00C8EA66 /* Howard2UITests.swift in Sources */ = {isa = PBXBuildFile; fileRef = F7DC651F224D182C00C8EA66 /* Howard2UITests.swift */; };
		F7DC652E224D241200C8EA66 /* Apps.storyboard in Resources */ = {isa = PBXBuildFile; fileRef = F7DC652D224D241200C8EA66 /* Apps.storyboard */; };
/* End PBXBuildFile section */

/* Begin PBXContainerItemProxy section */
		F7DC6511224D182C00C8EA66 /* PBXContainerItemProxy */ = {
			isa = PBXContainerItemProxy;
			containerPortal = F7DC64F4224D182A00C8EA66 /* Project object */;
			proxyType = 1;
			remoteGlobalIDString = F7DC64FB224D182A00C8EA66;
			remoteInfo = Howard2;
		};
		F7DC651C224D182C00C8EA66 /* PBXContainerItemProxy */ = {
			isa = PBXContainerItemProxy;
			containerPortal = F7DC64F4224D182A00C8EA66 /* Project object */;
			proxyType = 1;
			remoteGlobalIDString = F7DC64FB224D182A00C8EA66;
			remoteInfo = Howard2;
		};
/* End PBXContainerItemProxy section */

/* Begin PBXFileReference section */
		3903828C2266864B003422D3 /* funguy.png */ = {isa = PBXFileReference; lastKnownFileType = image.png; path = funguy.png; sourceTree = "<group>"; };
		3903828D2266864B003422D3 /* HomeIcon.png */ = {isa = PBXFileReference; lastKnownFileType = image.png; path = HomeIcon.png; sourceTree = "<group>"; };
		3903828E2266864B003422D3 /* SettingsIcon.png */ = {isa = PBXFileReference; lastKnownFileType = image.png; path = SettingsIcon.png; sourceTree = "<group>"; };
		390382922266868F003422D3 /* AskHoward.storyboard */ = {isa = PBXFileReference; lastKnownFileType = file.storyboard; path = AskHoward.storyboard; sourceTree = "<group>"; };
		39038294226689A3003422D3 /* AskHowardController.swift */ = {isa = PBXFileReference; lastKnownFileType = sourcecode.swift; path = AskHowardController.swift; sourceTree = "<group>"; };
		3903829622668B2A003422D3 /* questionMark.png */ = {isa = PBXFileReference; lastKnownFileType = image.png; path = questionMark.png; sourceTree = "<group>"; };
		3939DBDF22564918001A8A7B /* Login.storyboard */ = {isa = PBXFileReference; lastKnownFileType = file.storyboard; path = Login.storyboard; sourceTree = "<group>"; };
		3939DBE122564928001A8A7B /* Signup.storyboard */ = {isa = PBXFileReference; lastKnownFileType = file.storyboard; path = Signup.storyboard; sourceTree = "<group>"; };
		3939DBE322564943001A8A7B /* News.storyboard */ = {isa = PBXFileReference; lastKnownFileType = file.storyboard; path = News.storyboard; sourceTree = "<group>"; };
		3939DBE522564973001A8A7B /* NewsController.swift */ = {isa = PBXFileReference; lastKnownFileType = sourcecode.swift; path = NewsController.swift; sourceTree = "<group>"; };
		3939DBE722564989001A8A7B /* LoginController.swift */ = {isa = PBXFileReference; lastKnownFileType = sourcecode.swift; path = LoginController.swift; sourceTree = "<group>"; };
		3939DBE92256499B001A8A7B /* SignupController.swift */ = {isa = PBXFileReference; lastKnownFileType = sourcecode.swift; path = SignupController.swift; sourceTree = "<group>"; };
		3939DBEB225649B9001A8A7B /* LaunchScreenController.swift */ = {isa = PBXFileReference; lastKnownFileType = sourcecode.swift; path = LaunchScreenController.swift; sourceTree = "<group>"; };
		3939DBED225649D7001A8A7B /* AppsController.swift */ = {isa = PBXFileReference; lastKnownFileType = sourcecode.swift; path = AppsController.swift; sourceTree = "<group>"; };
		396027D3225E9A390007CCDD /* NewCallScreen.storyboard */ = {isa = PBXFileReference; lastKnownFileType = file.storyboard; path = NewCallScreen.storyboard; sourceTree = "<group>"; };
		396027D5225E9AD90007CCDD /* NewCallScreenController.swift */ = {isa = PBXFileReference; lastKnownFileType = sourcecode.swift; path = NewCallScreenController.swift; sourceTree = "<group>"; };
		396E0DC2226FCCD7004F2C13 /* NewCheckList.storyboard */ = {isa = PBXFileReference; lastKnownFileType = file.storyboard; path = NewCheckList.storyboard; sourceTree = "<group>"; };
		396E0DC4226FCD86004F2C13 /* NewCheckListController.swift */ = {isa = PBXFileReference; lastKnownFileType = sourcecode.swift; path = NewCheckListController.swift; sourceTree = "<group>"; };
		3B7922AC22666051008B307F /* Seven_daysViewController.swift */ = {isa = PBXFileReference; fileEncoding = 4; lastKnownFileType = sourcecode.swift; path = Seven_daysViewController.swift; sourceTree = "<group>"; };
		3B7922AD22666051008B307F /* Green_mountainViewController.swift */ = {isa = PBXFileReference; fileEncoding = 4; lastKnownFileType = sourcecode.swift; path = Green_mountainViewController.swift; sourceTree = "<group>"; };
		3B7922AE22666051008B307F /* TimesViewController.swift */ = {isa = PBXFileReference; fileEncoding = 4; lastKnownFileType = sourcecode.swift; path = TimesViewController.swift; sourceTree = "<group>"; };
		3BD10A5D22669B5C001D0B5B /* MapViewController.swift */ = {isa = PBXFileReference; lastKnownFileType = sourcecode.swift; path = MapViewController.swift; sourceTree = "<group>"; };
		9703856E22721E7C00C47655 /* Images */ = {isa = PBXFileReference; lastKnownFileType = folder; name = Images; sourceTree = "<group>"; };
		F7DC64FC224D182A00C8EA66 /* Howard2.app */ = {isa = PBXFileReference; explicitFileType = wrapper.application; includeInIndex = 0; path = Howard2.app; sourceTree = BUILT_PRODUCTS_DIR; };
		F7DC64FF224D182A00C8EA66 /* AppDelegate.swift */ = {isa = PBXFileReference; lastKnownFileType = sourcecode.swift; path = AppDelegate.swift; sourceTree = "<group>"; };
		F7DC6501224D182A00C8EA66 /* ViewController.swift */ = {isa = PBXFileReference; lastKnownFileType = sourcecode.swift; path = ViewController.swift; sourceTree = "<group>"; };
		F7DC6504224D182A00C8EA66 /* Base */ = {isa = PBXFileReference; lastKnownFileType = file.storyboard; name = Base; path = Base.lproj/Main.storyboard; sourceTree = "<group>"; };
		F7DC6506224D182C00C8EA66 /* Assets.xcassets */ = {isa = PBXFileReference; lastKnownFileType = folder.assetcatalog; path = Assets.xcassets; sourceTree = "<group>"; };
		F7DC6509224D182C00C8EA66 /* Base */ = {isa = PBXFileReference; lastKnownFileType = file.storyboard; name = Base; path = Base.lproj/LaunchScreen.storyboard; sourceTree = "<group>"; };
		F7DC650B224D182C00C8EA66 /* Info.plist */ = {isa = PBXFileReference; lastKnownFileType = text.plist.xml; path = Info.plist; sourceTree = "<group>"; };
		F7DC6510224D182C00C8EA66 /* Howard2Tests.xctest */ = {isa = PBXFileReference; explicitFileType = wrapper.cfbundle; includeInIndex = 0; path = Howard2Tests.xctest; sourceTree = BUILT_PRODUCTS_DIR; };
		F7DC6514224D182C00C8EA66 /* Howard2Tests.swift */ = {isa = PBXFileReference; lastKnownFileType = sourcecode.swift; path = Howard2Tests.swift; sourceTree = "<group>"; };
		F7DC6516224D182C00C8EA66 /* Info.plist */ = {isa = PBXFileReference; lastKnownFileType = text.plist.xml; path = Info.plist; sourceTree = "<group>"; };
		F7DC651B224D182C00C8EA66 /* Howard2UITests.xctest */ = {isa = PBXFileReference; explicitFileType = wrapper.cfbundle; includeInIndex = 0; path = Howard2UITests.xctest; sourceTree = BUILT_PRODUCTS_DIR; };
		F7DC651F224D182C00C8EA66 /* Howard2UITests.swift */ = {isa = PBXFileReference; lastKnownFileType = sourcecode.swift; path = Howard2UITests.swift; sourceTree = "<group>"; };
		F7DC6521224D182C00C8EA66 /* Info.plist */ = {isa = PBXFileReference; lastKnownFileType = text.plist.xml; path = Info.plist; sourceTree = "<group>"; };
		F7DC652D224D241200C8EA66 /* Apps.storyboard */ = {isa = PBXFileReference; lastKnownFileType = file.storyboard; path = Apps.storyboard; sourceTree = "<group>"; };
/* End PBXFileReference section */

/* Begin PBXFrameworksBuildPhase section */
		F7DC64F9224D182A00C8EA66 /* Frameworks */ = {
			isa = PBXFrameworksBuildPhase;
			buildActionMask = 2147483647;
			files = (
			);
			runOnlyForDeploymentPostprocessing = 0;
		};
		F7DC650D224D182C00C8EA66 /* Frameworks */ = {
			isa = PBXFrameworksBuildPhase;
			buildActionMask = 2147483647;
			files = (
			);
			runOnlyForDeploymentPostprocessing = 0;
		};
		F7DC6518224D182C00C8EA66 /* Frameworks */ = {
			isa = PBXFrameworksBuildPhase;
			buildActionMask = 2147483647;
			files = (
			);
			runOnlyForDeploymentPostprocessing = 0;
		};
/* End PBXFrameworksBuildPhase section */

/* Begin PBXGroup section */
		396027D7225E9D520007CCDD /* Images */ = {
			isa = PBXGroup;
			children = (
				9703856E22721E7C00C47655 /* Images */,
				3903829622668B2A003422D3 /* questionMark.png */,
				3903828C2266864B003422D3 /* funguy.png */,
				3903828D2266864B003422D3 /* HomeIcon.png */,
				3903828E2266864B003422D3 /* SettingsIcon.png */,
			);
			path = Images;
			sourceTree = "<group>";
		};
		F75E70B122721608009BC7EA /* News */ = {
			isa = PBXGroup;
			children = (
				3B7922AD22666051008B307F /* Green_mountainViewController.swift */,
				3B7922AC22666051008B307F /* Seven_daysViewController.swift */,
				3B7922AE22666051008B307F /* TimesViewController.swift */,
				3939DBE322564943001A8A7B /* News.storyboard */,
				3939DBE522564973001A8A7B /* NewsController.swift */,
			);
			path = News;
			sourceTree = "<group>";
		};
		F75E70B222721616009BC7EA /* Login */ = {
			isa = PBXGroup;
			children = (
				3939DBE722564989001A8A7B /* LoginController.swift */,
				3939DBDF22564918001A8A7B /* Login.storyboard */,
			);
			path = Login;
			sourceTree = "<group>";
		};
		F75E70B322721627009BC7EA /* Signup */ = {
			isa = PBXGroup;
			children = (
				3939DBE92256499B001A8A7B /* SignupController.swift */,
				3939DBE122564928001A8A7B /* Signup.storyboard */,
			);
			path = Signup;
			sourceTree = "<group>";
		};
		F75E70B42272163A009BC7EA /* Apps */ = {
			isa = PBXGroup;
			children = (
				3939DBED225649D7001A8A7B /* AppsController.swift */,
				F7DC652D224D241200C8EA66 /* Apps.storyboard */,
			);
			path = Apps;
			sourceTree = "<group>";
		};
		F75E70B522721653009BC7EA /* Call */ = {
			isa = PBXGroup;
			children = (
				3BD10A5D22669B5C001D0B5B /* MapViewController.swift */,
				396027D5225E9AD90007CCDD /* NewCallScreenController.swift */,
				396027D3225E9A390007CCDD /* NewCallScreen.storyboard */,
			);
			path = Call;
			sourceTree = "<group>";
		};
		F75E70B62272167B009BC7EA /* Checklist */ = {
			isa = PBXGroup;
			children = (
				396E0DC2226FCCD7004F2C13 /* NewCheckList.storyboard */,
				396E0DC4226FCD86004F2C13 /* NewCheckListController.swift */,
			);
			path = Checklist;
			sourceTree = "<group>";
		};
		F75E70B7227216D6009BC7EA /* Main */ = {
			isa = PBXGroup;
			children = (
				F7DC6508224D182C00C8EA66 /* LaunchScreen.storyboard */,
				F7DC6501224D182A00C8EA66 /* ViewController.swift */,
				F7DC6503224D182A00C8EA66 /* Main.storyboard */,
			);
			path = Main;
			sourceTree = "<group>";
		};
		F75E70B82272172C009BC7EA /* AskHoward */ = {
			isa = PBXGroup;
			children = (
				390382922266868F003422D3 /* AskHoward.storyboard */,
				39038294226689A3003422D3 /* AskHowardController.swift */,
			);
			path = AskHoward;
			sourceTree = "<group>";
		};
		F7DC64F3224D182A00C8EA66 = {
			isa = PBXGroup;
			children = (
				F7DC64FE224D182A00C8EA66 /* Howard2 */,
				F7DC6513224D182C00C8EA66 /* Howard2Tests */,
				F7DC651E224D182C00C8EA66 /* Howard2UITests */,
				F7DC64FD224D182A00C8EA66 /* Products */,
			);
			sourceTree = "<group>";
		};
		F7DC64FD224D182A00C8EA66 /* Products */ = {
			isa = PBXGroup;
			children = (
				F7DC64FC224D182A00C8EA66 /* Howard2.app */,
				F7DC6510224D182C00C8EA66 /* Howard2Tests.xctest */,
				F7DC651B224D182C00C8EA66 /* Howard2UITests.xctest */,
			);
			name = Products;
			sourceTree = "<group>";
		};
		F7DC64FE224D182A00C8EA66 /* Howard2 */ = {
			isa = PBXGroup;
			children = (
				396027D7225E9D520007CCDD /* Images */,
				F7DC64FF224D182A00C8EA66 /* AppDelegate.swift */,
				F7DC6506224D182C00C8EA66 /* Assets.xcassets */,
				F75E70B42272163A009BC7EA /* Apps */,
				F75E70B82272172C009BC7EA /* AskHoward */,
				F75E70B522721653009BC7EA /* Call */,
				F75E70B62272167B009BC7EA /* Checklist */,
				F75E70B222721616009BC7EA /* Login */,
				F75E70B7227216D6009BC7EA /* Main */,
				F75E70B122721608009BC7EA /* News */,
				F75E70B322721627009BC7EA /* Signup */,
				3939DBEB225649B9001A8A7B /* LaunchScreenController.swift */,
				F7DC650B224D182C00C8EA66 /* Info.plist */,
			);
			path = Howard2;
			sourceTree = "<group>";
		};
		F7DC6513224D182C00C8EA66 /* Howard2Tests */ = {
			isa = PBXGroup;
			children = (
				F7DC6514224D182C00C8EA66 /* Howard2Tests.swift */,
				F7DC6516224D182C00C8EA66 /* Info.plist */,
			);
			path = Howard2Tests;
			sourceTree = "<group>";
		};
		F7DC651E224D182C00C8EA66 /* Howard2UITests */ = {
			isa = PBXGroup;
			children = (
				F7DC651F224D182C00C8EA66 /* Howard2UITests.swift */,
				F7DC6521224D182C00C8EA66 /* Info.plist */,
			);
			path = Howard2UITests;
			sourceTree = "<group>";
		};
/* End PBXGroup section */

/* Begin PBXNativeTarget section */
		F7DC64FB224D182A00C8EA66 /* Howard2 */ = {
			isa = PBXNativeTarget;
			buildConfigurationList = F7DC6524224D182C00C8EA66 /* Build configuration list for PBXNativeTarget "Howard2" */;
			buildPhases = (
				F7DC64F8224D182A00C8EA66 /* Sources */,
				F7DC64F9224D182A00C8EA66 /* Frameworks */,
				F7DC64FA224D182A00C8EA66 /* Resources */,
			);
			buildRules = (
			);
			dependencies = (
			);
			name = Howard2;
			productName = Howard2;
			productReference = F7DC64FC224D182A00C8EA66 /* Howard2.app */;
			productType = "com.apple.product-type.application";
		};
		F7DC650F224D182C00C8EA66 /* Howard2Tests */ = {
			isa = PBXNativeTarget;
			buildConfigurationList = F7DC6527224D182C00C8EA66 /* Build configuration list for PBXNativeTarget "Howard2Tests" */;
			buildPhases = (
				F7DC650C224D182C00C8EA66 /* Sources */,
				F7DC650D224D182C00C8EA66 /* Frameworks */,
				F7DC650E224D182C00C8EA66 /* Resources */,
			);
			buildRules = (
			);
			dependencies = (
				F7DC6512224D182C00C8EA66 /* PBXTargetDependency */,
			);
			name = Howard2Tests;
			productName = Howard2Tests;
			productReference = F7DC6510224D182C00C8EA66 /* Howard2Tests.xctest */;
			productType = "com.apple.product-type.bundle.unit-test";
		};
		F7DC651A224D182C00C8EA66 /* Howard2UITests */ = {
			isa = PBXNativeTarget;
			buildConfigurationList = F7DC652A224D182C00C8EA66 /* Build configuration list for PBXNativeTarget "Howard2UITests" */;
			buildPhases = (
				F7DC6517224D182C00C8EA66 /* Sources */,
				F7DC6518224D182C00C8EA66 /* Frameworks */,
				F7DC6519224D182C00C8EA66 /* Resources */,
			);
			buildRules = (
			);
			dependencies = (
				F7DC651D224D182C00C8EA66 /* PBXTargetDependency */,
			);
			name = Howard2UITests;
			productName = Howard2UITests;
			productReference = F7DC651B224D182C00C8EA66 /* Howard2UITests.xctest */;
			productType = "com.apple.product-type.bundle.ui-testing";
		};
/* End PBXNativeTarget section */

/* Begin PBXProject section */
		F7DC64F4224D182A00C8EA66 /* Project object */ = {
			isa = PBXProject;
			attributes = {
				LastSwiftUpdateCheck = 1020;
				LastUpgradeCheck = 1020;
				ORGANIZATIONNAME = "William Risigo";
				TargetAttributes = {
					F7DC64FB224D182A00C8EA66 = {
						CreatedOnToolsVersion = 10.2;
					};
					F7DC650F224D182C00C8EA66 = {
						CreatedOnToolsVersion = 10.2;
						TestTargetID = F7DC64FB224D182A00C8EA66;
					};
					F7DC651A224D182C00C8EA66 = {
						CreatedOnToolsVersion = 10.2;
						TestTargetID = F7DC64FB224D182A00C8EA66;
					};
				};
			};
			buildConfigurationList = F7DC64F7224D182A00C8EA66 /* Build configuration list for PBXProject "Howard2" */;
			compatibilityVersion = "Xcode 9.3";
			developmentRegion = en;
			hasScannedForEncodings = 0;
			knownRegions = (
				en,
				Base,
			);
			mainGroup = F7DC64F3224D182A00C8EA66;
			productRefGroup = F7DC64FD224D182A00C8EA66 /* Products */;
			projectDirPath = "";
			projectRoot = "";
			targets = (
				F7DC64FB224D182A00C8EA66 /* Howard2 */,
				F7DC650F224D182C00C8EA66 /* Howard2Tests */,
				F7DC651A224D182C00C8EA66 /* Howard2UITests */,
			);
		};
/* End PBXProject section */

/* Begin PBXResourcesBuildPhase section */
		F7DC64FA224D182A00C8EA66 /* Resources */ = {
			isa = PBXResourcesBuildPhase;
			buildActionMask = 2147483647;
			files = (
				3939DBE222564928001A8A7B /* Signup.storyboard in Resources */,
				390382912266864B003422D3 /* SettingsIcon.png in Resources */,
				F7DC650A224D182C00C8EA66 /* LaunchScreen.storyboard in Resources */,
				F7DC6507224D182C00C8EA66 /* Assets.xcassets in Resources */,
				3939DBE422564943001A8A7B /* News.storyboard in Resources */,
				3939DBE022564918001A8A7B /* Login.storyboard in Resources */,
				3903829722668B2A003422D3 /* questionMark.png in Resources */,
				3903828F2266864B003422D3 /* funguy.png in Resources */,
				390382932266868F003422D3 /* AskHoward.storyboard in Resources */,
				F7DC652E224D241200C8EA66 /* Apps.storyboard in Resources */,
				390382902266864B003422D3 /* HomeIcon.png in Resources */,
				9703856F22721E7C00C47655 /* Images in Resources */,
				F7DC6505224D182A00C8EA66 /* Main.storyboard in Resources */,
				396027D4225E9A390007CCDD /* NewCallScreen.storyboard in Resources */,
				396E0DC3226FCCD7004F2C13 /* NewCheckList.storyboard in Resources */,
			);
			runOnlyForDeploymentPostprocessing = 0;
		};
		F7DC650E224D182C00C8EA66 /* Resources */ = {
			isa = PBXResourcesBuildPhase;
			buildActionMask = 2147483647;
			files = (
			);
			runOnlyForDeploymentPostprocessing = 0;
		};
		F7DC6519224D182C00C8EA66 /* Resources */ = {
			isa = PBXResourcesBuildPhase;
			buildActionMask = 2147483647;
			files = (
			);
			runOnlyForDeploymentPostprocessing = 0;
		};
/* End PBXResourcesBuildPhase section */

/* Begin PBXSourcesBuildPhase section */
		F7DC64F8224D182A00C8EA66 /* Sources */ = {
			isa = PBXSourcesBuildPhase;
			buildActionMask = 2147483647;
			files = (
				3939DBE622564973001A8A7B /* NewsController.swift in Sources */,
				F7DC6502224D182A00C8EA66 /* ViewController.swift in Sources */,
				F7DC6500224D182A00C8EA66 /* AppDelegate.swift in Sources */,
				3B7922B122666051008B307F /* TimesViewController.swift in Sources */,
				396027D6225E9AD90007CCDD /* NewCallScreenController.swift in Sources */,
				3B7922AF22666051008B307F /* Seven_daysViewController.swift in Sources */,
				3939DBEA2256499B001A8A7B /* SignupController.swift in Sources */,
				3939DBEC225649B9001A8A7B /* LaunchScreenController.swift in Sources */,
				39038295226689A3003422D3 /* AskHowardController.swift in Sources */,
				3939DBE822564989001A8A7B /* LoginController.swift in Sources */,
				3939DBEE225649D7001A8A7B /* AppsController.swift in Sources */,
				3BD10A5E22669B5C001D0B5B /* MapViewController.swift in Sources */,
				3B7922B022666051008B307F /* Green_mountainViewController.swift in Sources */,
				396E0DC5226FCD86004F2C13 /* NewCheckListController.swift in Sources */,
			);
			runOnlyForDeploymentPostprocessing = 0;
		};
		F7DC650C224D182C00C8EA66 /* Sources */ = {
			isa = PBXSourcesBuildPhase;
			buildActionMask = 2147483647;
			files = (
				F7DC6515224D182C00C8EA66 /* Howard2Tests.swift in Sources */,
			);
			runOnlyForDeploymentPostprocessing = 0;
		};
		F7DC6517224D182C00C8EA66 /* Sources */ = {
			isa = PBXSourcesBuildPhase;
			buildActionMask = 2147483647;
			files = (
				F7DC6520224D182C00C8EA66 /* Howard2UITests.swift in Sources */,
			);
			runOnlyForDeploymentPostprocessing = 0;
		};
/* End PBXSourcesBuildPhase section */

/* Begin PBXTargetDependency section */
		F7DC6512224D182C00C8EA66 /* PBXTargetDependency */ = {
			isa = PBXTargetDependency;
			target = F7DC64FB224D182A00C8EA66 /* Howard2 */;
			targetProxy = F7DC6511224D182C00C8EA66 /* PBXContainerItemProxy */;
		};
		F7DC651D224D182C00C8EA66 /* PBXTargetDependency */ = {
			isa = PBXTargetDependency;
			target = F7DC64FB224D182A00C8EA66 /* Howard2 */;
			targetProxy = F7DC651C224D182C00C8EA66 /* PBXContainerItemProxy */;
		};
/* End PBXTargetDependency section */

/* Begin PBXVariantGroup section */
		F7DC6503224D182A00C8EA66 /* Main.storyboard */ = {
			isa = PBXVariantGroup;
			children = (
				F7DC6504224D182A00C8EA66 /* Base */,
			);
			name = Main.storyboard;
			sourceTree = "<group>";
		};
		F7DC6508224D182C00C8EA66 /* LaunchScreen.storyboard */ = {
			isa = PBXVariantGroup;
			children = (
				F7DC6509224D182C00C8EA66 /* Base */,
			);
			name = LaunchScreen.storyboard;
			sourceTree = "<group>";
		};
/* End PBXVariantGroup section */

/* Begin XCBuildConfiguration section */
		F7DC6522224D182C00C8EA66 /* Debug */ = {
			isa = XCBuildConfiguration;
			buildSettings = {
				ALWAYS_SEARCH_USER_PATHS = NO;
				CLANG_ANALYZER_NONNULL = YES;
				CLANG_ANALYZER_NUMBER_OBJECT_CONVERSION = YES_AGGRESSIVE;
				CLANG_CXX_LANGUAGE_STANDARD = "gnu++14";
				CLANG_CXX_LIBRARY = "libc++";
				CLANG_ENABLE_MODULES = YES;
				CLANG_ENABLE_OBJC_ARC = YES;
				CLANG_ENABLE_OBJC_WEAK = YES;
				CLANG_WARN_BLOCK_CAPTURE_AUTORELEASING = YES;
				CLANG_WARN_BOOL_CONVERSION = YES;
				CLANG_WARN_COMMA = YES;
				CLANG_WARN_CONSTANT_CONVERSION = YES;
				CLANG_WARN_DEPRECATED_OBJC_IMPLEMENTATIONS = YES;
				CLANG_WARN_DIRECT_OBJC_ISA_USAGE = YES_ERROR;
				CLANG_WARN_DOCUMENTATION_COMMENTS = YES;
				CLANG_WARN_EMPTY_BODY = YES;
				CLANG_WARN_ENUM_CONVERSION = YES;
				CLANG_WARN_INFINITE_RECURSION = YES;
				CLANG_WARN_INT_CONVERSION = YES;
				CLANG_WARN_NON_LITERAL_NULL_CONVERSION = YES;
				CLANG_WARN_OBJC_IMPLICIT_RETAIN_SELF = YES;
				CLANG_WARN_OBJC_LITERAL_CONVERSION = YES;
				CLANG_WARN_OBJC_ROOT_CLASS = YES_ERROR;
				CLANG_WARN_RANGE_LOOP_ANALYSIS = YES;
				CLANG_WARN_STRICT_PROTOTYPES = YES;
				CLANG_WARN_SUSPICIOUS_MOVE = YES;
				CLANG_WARN_UNGUARDED_AVAILABILITY = YES_AGGRESSIVE;
				CLANG_WARN_UNREACHABLE_CODE = YES;
				CLANG_WARN__DUPLICATE_METHOD_MATCH = YES;
				CODE_SIGN_IDENTITY = "iPhone Developer";
				COPY_PHASE_STRIP = NO;
				DEBUG_INFORMATION_FORMAT = dwarf;
				ENABLE_STRICT_OBJC_MSGSEND = YES;
				ENABLE_TESTABILITY = YES;
				GCC_C_LANGUAGE_STANDARD = gnu11;
				GCC_DYNAMIC_NO_PIC = NO;
				GCC_NO_COMMON_BLOCKS = YES;
				GCC_OPTIMIZATION_LEVEL = 0;
				GCC_PREPROCESSOR_DEFINITIONS = (
					"DEBUG=1",
					"$(inherited)",
				);
				GCC_WARN_64_TO_32_BIT_CONVERSION = YES;
				GCC_WARN_ABOUT_RETURN_TYPE = YES_ERROR;
				GCC_WARN_UNDECLARED_SELECTOR = YES;
				GCC_WARN_UNINITIALIZED_AUTOS = YES_AGGRESSIVE;
				GCC_WARN_UNUSED_FUNCTION = YES;
				GCC_WARN_UNUSED_VARIABLE = YES;
				IPHONEOS_DEPLOYMENT_TARGET = 12.2;
				MTL_ENABLE_DEBUG_INFO = INCLUDE_SOURCE;
				MTL_FAST_MATH = YES;
				ONLY_ACTIVE_ARCH = YES;
				SDKROOT = iphoneos;
				SWIFT_ACTIVE_COMPILATION_CONDITIONS = DEBUG;
				SWIFT_OPTIMIZATION_LEVEL = "-Onone";
			};
			name = Debug;
		};
		F7DC6523224D182C00C8EA66 /* Release */ = {
			isa = XCBuildConfiguration;
			buildSettings = {
				ALWAYS_SEARCH_USER_PATHS = NO;
				CLANG_ANALYZER_NONNULL = YES;
				CLANG_ANALYZER_NUMBER_OBJECT_CONVERSION = YES_AGGRESSIVE;
				CLANG_CXX_LANGUAGE_STANDARD = "gnu++14";
				CLANG_CXX_LIBRARY = "libc++";
				CLANG_ENABLE_MODULES = YES;
				CLANG_ENABLE_OBJC_ARC = YES;
				CLANG_ENABLE_OBJC_WEAK = YES;
				CLANG_WARN_BLOCK_CAPTURE_AUTORELEASING = YES;
				CLANG_WARN_BOOL_CONVERSION = YES;
				CLANG_WARN_COMMA = YES;
				CLANG_WARN_CONSTANT_CONVERSION = YES;
				CLANG_WARN_DEPRECATED_OBJC_IMPLEMENTATIONS = YES;
				CLANG_WARN_DIRECT_OBJC_ISA_USAGE = YES_ERROR;
				CLANG_WARN_DOCUMENTATION_COMMENTS = YES;
				CLANG_WARN_EMPTY_BODY = YES;
				CLANG_WARN_ENUM_CONVERSION = YES;
				CLANG_WARN_INFINITE_RECURSION = YES;
				CLANG_WARN_INT_CONVERSION = YES;
				CLANG_WARN_NON_LITERAL_NULL_CONVERSION = YES;
				CLANG_WARN_OBJC_IMPLICIT_RETAIN_SELF = YES;
				CLANG_WARN_OBJC_LITERAL_CONVERSION = YES;
				CLANG_WARN_OBJC_ROOT_CLASS = YES_ERROR;
				CLANG_WARN_RANGE_LOOP_ANALYSIS = YES;
				CLANG_WARN_STRICT_PROTOTYPES = YES;
				CLANG_WARN_SUSPICIOUS_MOVE = YES;
				CLANG_WARN_UNGUARDED_AVAILABILITY = YES_AGGRESSIVE;
				CLANG_WARN_UNREACHABLE_CODE = YES;
				CLANG_WARN__DUPLICATE_METHOD_MATCH = YES;
				CODE_SIGN_IDENTITY = "iPhone Developer";
				COPY_PHASE_STRIP = NO;
				DEBUG_INFORMATION_FORMAT = "dwarf-with-dsym";
				ENABLE_NS_ASSERTIONS = NO;
				ENABLE_STRICT_OBJC_MSGSEND = YES;
				GCC_C_LANGUAGE_STANDARD = gnu11;
				GCC_NO_COMMON_BLOCKS = YES;
				GCC_WARN_64_TO_32_BIT_CONVERSION = YES;
				GCC_WARN_ABOUT_RETURN_TYPE = YES_ERROR;
				GCC_WARN_UNDECLARED_SELECTOR = YES;
				GCC_WARN_UNINITIALIZED_AUTOS = YES_AGGRESSIVE;
				GCC_WARN_UNUSED_FUNCTION = YES;
				GCC_WARN_UNUSED_VARIABLE = YES;
				IPHONEOS_DEPLOYMENT_TARGET = 12.2;
				MTL_ENABLE_DEBUG_INFO = NO;
				MTL_FAST_MATH = YES;
				SDKROOT = iphoneos;
				SWIFT_COMPILATION_MODE = wholemodule;
				SWIFT_OPTIMIZATION_LEVEL = "-O";
				VALIDATE_PRODUCT = YES;
			};
			name = Release;
		};
		F7DC6525224D182C00C8EA66 /* Debug */ = {
			isa = XCBuildConfiguration;
			buildSettings = {
				ASSETCATALOG_COMPILER_APPICON_NAME = AppIcon;
				CODE_SIGN_STYLE = Automatic;
				DEVELOPMENT_TEAM = C99N7BFNYQ;
				INFOPLIST_FILE = Howard2/Info.plist;
				IPHONEOS_DEPLOYMENT_TARGET = 12.1;
				LD_RUNPATH_SEARCH_PATHS = (
					"$(inherited)",
					"@executable_path/Frameworks",
				);
				PRODUCT_BUNDLE_IDENTIFIER = com.william.Howard2;
				PRODUCT_NAME = "$(TARGET_NAME)";
				SWIFT_VERSION = 4.2;
				TARGETED_DEVICE_FAMILY = "1,2";
			};
			name = Debug;
		};
		F7DC6526224D182C00C8EA66 /* Release */ = {
			isa = XCBuildConfiguration;
			buildSettings = {
				ASSETCATALOG_COMPILER_APPICON_NAME = AppIcon;
				CODE_SIGN_STYLE = Automatic;
				DEVELOPMENT_TEAM = C99N7BFNYQ;
				INFOPLIST_FILE = Howard2/Info.plist;
				IPHONEOS_DEPLOYMENT_TARGET = 12.1;
				LD_RUNPATH_SEARCH_PATHS = (
					"$(inherited)",
					"@executable_path/Frameworks",
				);
				PRODUCT_BUNDLE_IDENTIFIER = com.william.Howard2;
				PRODUCT_NAME = "$(TARGET_NAME)";
				SWIFT_VERSION = 4.2;
				TARGETED_DEVICE_FAMILY = "1,2";
			};
			name = Release;
		};
		F7DC6528224D182C00C8EA66 /* Debug */ = {
			isa = XCBuildConfiguration;
			buildSettings = {
				ALWAYS_EMBED_SWIFT_STANDARD_LIBRARIES = YES;
				BUNDLE_LOADER = "$(TEST_HOST)";
				CODE_SIGN_STYLE = Automatic;
				INFOPLIST_FILE = Howard2Tests/Info.plist;
				LD_RUNPATH_SEARCH_PATHS = (
					"$(inherited)",
					"@executable_path/Frameworks",
					"@loader_path/Frameworks",
				);
				PRODUCT_BUNDLE_IDENTIFIER = com.william.Howard2Tests;
				PRODUCT_NAME = "$(TARGET_NAME)";
				SWIFT_VERSION = 5.0;
				TARGETED_DEVICE_FAMILY = "1,2";
				TEST_HOST = "$(BUILT_PRODUCTS_DIR)/Howard2.app/Howard2";
			};
			name = Debug;
		};
		F7DC6529224D182C00C8EA66 /* Release */ = {
			isa = XCBuildConfiguration;
			buildSettings = {
				ALWAYS_EMBED_SWIFT_STANDARD_LIBRARIES = YES;
				BUNDLE_LOADER = "$(TEST_HOST)";
				CODE_SIGN_STYLE = Automatic;
				INFOPLIST_FILE = Howard2Tests/Info.plist;
				LD_RUNPATH_SEARCH_PATHS = (
					"$(inherited)",
					"@executable_path/Frameworks",
					"@loader_path/Frameworks",
				);
				PRODUCT_BUNDLE_IDENTIFIER = com.william.Howard2Tests;
				PRODUCT_NAME = "$(TARGET_NAME)";
				SWIFT_VERSION = 5.0;
				TARGETED_DEVICE_FAMILY = "1,2";
				TEST_HOST = "$(BUILT_PRODUCTS_DIR)/Howard2.app/Howard2";
			};
			name = Release;
		};
		F7DC652B224D182C00C8EA66 /* Debug */ = {
			isa = XCBuildConfiguration;
			buildSettings = {
				ALWAYS_EMBED_SWIFT_STANDARD_LIBRARIES = YES;
				CODE_SIGN_STYLE = Automatic;
				INFOPLIST_FILE = Howard2UITests/Info.plist;
				LD_RUNPATH_SEARCH_PATHS = (
					"$(inherited)",
					"@executable_path/Frameworks",
					"@loader_path/Frameworks",
				);
				PRODUCT_BUNDLE_IDENTIFIER = com.william.Howard2UITests;
				PRODUCT_NAME = "$(TARGET_NAME)";
				SWIFT_VERSION = 5.0;
				TARGETED_DEVICE_FAMILY = "1,2";
				TEST_TARGET_NAME = Howard2;
			};
			name = Debug;
		};
		F7DC652C224D182C00C8EA66 /* Release */ = {
			isa = XCBuildConfiguration;
			buildSettings = {
				ALWAYS_EMBED_SWIFT_STANDARD_LIBRARIES = YES;
				CODE_SIGN_STYLE = Automatic;
				INFOPLIST_FILE = Howard2UITests/Info.plist;
				LD_RUNPATH_SEARCH_PATHS = (
					"$(inherited)",
					"@executable_path/Frameworks",
					"@loader_path/Frameworks",
				);
				PRODUCT_BUNDLE_IDENTIFIER = com.william.Howard2UITests;
				PRODUCT_NAME = "$(TARGET_NAME)";
				SWIFT_VERSION = 5.0;
				TARGETED_DEVICE_FAMILY = "1,2";
				TEST_TARGET_NAME = Howard2;
			};
			name = Release;
		};
/* End XCBuildConfiguration section */

/* Begin XCConfigurationList section */
		F7DC64F7224D182A00C8EA66 /* Build configuration list for PBXProject "Howard2" */ = {
			isa = XCConfigurationList;
			buildConfigurations = (
				F7DC6522224D182C00C8EA66 /* Debug */,
				F7DC6523224D182C00C8EA66 /* Release */,
			);
			defaultConfigurationIsVisible = 0;
			defaultConfigurationName = Release;
		};
		F7DC6524224D182C00C8EA66 /* Build configuration list for PBXNativeTarget "Howard2" */ = {
			isa = XCConfigurationList;
			buildConfigurations = (
				F7DC6525224D182C00C8EA66 /* Debug */,
				F7DC6526224D182C00C8EA66 /* Release */,
			);
			defaultConfigurationIsVisible = 0;
			defaultConfigurationName = Release;
		};
		F7DC6527224D182C00C8EA66 /* Build configuration list for PBXNativeTarget "Howard2Tests" */ = {
			isa = XCConfigurationList;
			buildConfigurations = (
				F7DC6528224D182C00C8EA66 /* Debug */,
				F7DC6529224D182C00C8EA66 /* Release */,
			);
			defaultConfigurationIsVisible = 0;
			defaultConfigurationName = Release;
		};
		F7DC652A224D182C00C8EA66 /* Build configuration list for PBXNativeTarget "Howard2UITests" */ = {
			isa = XCConfigurationList;
			buildConfigurations = (
				F7DC652B224D182C00C8EA66 /* Debug */,
				F7DC652C224D182C00C8EA66 /* Release */,
			);
			defaultConfigurationIsVisible = 0;
			defaultConfigurationName = Release;
		};
/* End XCConfigurationList section */
	};
	rootObject = F7DC64F4224D182A00C8EA66 /* Project object */;
}
