// !$*UTF8*$!
{
	archiveVersion = 1;
	classes = {
	};
	objectVersion = 50;
	objects = {

/* Begin PBXBuildFile section */
		3903828F2266864B003422D3 /* funguy.png in Resources */ = {isa = PBXBuildFile; fileRef = 3903828C2266864B003422D3 /* funguy.png */; };
		390382902266864B003422D3 /* HomeIcon.png in Resources */ = {isa = PBXBuildFile; fileRef = 3903828D2266864B003422D3 /* HomeIcon.png */; };
		390382912266864B003422D3 /* SettingsIcon.png in Resources */ = {isa = PBXBuildFile; fileRef = 3903828E2266864B003422D3 /* SettingsIcon.png */; };
		390382932266868F003422D3 /* AskHoward.storyboard in Resources */ = {isa = PBXBuildFile; fileRef = 390382922266868F003422D3 /* AskHoward.storyboard */; };
		39038295226689A3003422D3 /* AskHowardController.swift in Sources */ = {isa = PBXBuildFile; fileRef = 39038294226689A3003422D3 /* AskHowardController.swift */; };
		3903829722668B2A003422D3 /* questionMark.png in Resources */ = {isa = PBXBuildFile; fileRef = 3903829622668B2A003422D3 /* questionMark.png */; };
		39068991227298CF0068E4D2 /* N10.png in Resources */ = {isa = PBXBuildFile; fileRef = 39068990227298CF0068E4D2 /* N10.png */; };
		3906899322729CEC0068E4D2 /* SD.jpeg in Resources */ = {isa = PBXBuildFile; fileRef = 3906899222729CEC0068E4D2 /* SD.jpeg */; };
		390689952272A2090068E4D2 /* placeholder.png in Resources */ = {isa = PBXBuildFile; fileRef = 390689942272A2080068E4D2 /* placeholder.png */; };
		390689972272A33F0068E4D2 /* xylophone.jpg in Resources */ = {isa = PBXBuildFile; fileRef = 390689962272A33F0068E4D2 /* xylophone.jpg */; };
		390689992272A4010068E4D2 /* Calender.png in Resources */ = {isa = PBXBuildFile; fileRef = 390689982272A4000068E4D2 /* Calender.png */; };
		3906899B2272A5810068E4D2 /* thinker.png in Resources */ = {isa = PBXBuildFile; fileRef = 3906899A2272A5810068E4D2 /* thinker.png */; };
		3906899D227928A30068E4D2 /* refresh.png in Resources */ = {isa = PBXBuildFile; fileRef = 3906899C227928A30068E4D2 /* refresh.png */; };
		3906899F2279479A0068E4D2 /* peeking.png in Resources */ = {isa = PBXBuildFile; fileRef = 3906899E2279479A0068E4D2 /* peeking.png */; };
		390689A1227948FC0068E4D2 /* peeking reverse.png in Resources */ = {isa = PBXBuildFile; fileRef = 390689A0227948FC0068E4D2 /* peeking reverse.png */; };
		390689A8227A660F0068E4D2 /* curtain.jpg in Resources */ = {isa = PBXBuildFile; fileRef = 390689A7227A660E0068E4D2 /* curtain.jpg */; };
		3939DBE022564918001A8A7B /* Login.storyboard in Resources */ = {isa = PBXBuildFile; fileRef = 3939DBDF22564918001A8A7B /* Login.storyboard */; };
		3939DBE222564928001A8A7B /* Signup.storyboard in Resources */ = {isa = PBXBuildFile; fileRef = 3939DBE122564928001A8A7B /* Signup.storyboard */; };
		3939DBE822564989001A8A7B /* LoginController.swift in Sources */ = {isa = PBXBuildFile; fileRef = 3939DBE722564989001A8A7B /* LoginController.swift */; };
		3939DBEA2256499B001A8A7B /* SignupController.swift in Sources */ = {isa = PBXBuildFile; fileRef = 3939DBE92256499B001A8A7B /* SignupController.swift */; };
		3939DBEC225649B9001A8A7B /* LaunchScreenController.swift in Sources */ = {isa = PBXBuildFile; fileRef = 3939DBEB225649B9001A8A7B /* LaunchScreenController.swift */; };
		3939DBEE225649D7001A8A7B /* AppsController.swift in Sources */ = {isa = PBXBuildFile; fileRef = 3939DBED225649D7001A8A7B /* AppsController.swift */; };
		396027D4225E9A390007CCDD /* NewCallScreen.storyboard in Resources */ = {isa = PBXBuildFile; fileRef = 396027D3225E9A390007CCDD /* NewCallScreen.storyboard */; };
		396027D6225E9AD90007CCDD /* NewCallScreenController.swift in Sources */ = {isa = PBXBuildFile; fileRef = 396027D5225E9AD90007CCDD /* NewCallScreenController.swift */; };
		396E0DC3226FCCD7004F2C13 /* NewCheckList.storyboard in Resources */ = {isa = PBXBuildFile; fileRef = 396E0DC2226FCCD7004F2C13 /* NewCheckList.storyboard */; };
		396E0DC5226FCD86004F2C13 /* NewCheckListController.swift in Sources */ = {isa = PBXBuildFile; fileRef = 396E0DC4226FCD86004F2C13 /* NewCheckListController.swift */; };
		39790958227A76D500EAA8FE /* Roxie.jpg in Resources */ = {isa = PBXBuildFile; fileRef = 39790957227A76D500EAA8FE /* Roxie.jpg */; };
		3979095A227A7ADE00EAA8FE /* Echo.jpg in Resources */ = {isa = PBXBuildFile; fileRef = 39790959227A7ADE00EAA8FE /* Echo.jpg */; };
		3979095C227A7D1F00EAA8FE /* weather.jpg in Resources */ = {isa = PBXBuildFile; fileRef = 3979095B227A7D1F00EAA8FE /* weather.jpg */; };
		3979095E227A80FF00EAA8FE /* howardCenter.jpg in Resources */ = {isa = PBXBuildFile; fileRef = 3979095D227A80FF00EAA8FE /* howardCenter.jpg */; };
		397909622285A9E000EAA8FE /* HowardCenterHeader.png in Resources */ = {isa = PBXBuildFile; fileRef = 397909612285A9E000EAA8FE /* HowardCenterHeader.png */; };
		3979096C229F791400EAA8FE /* DynamicNews.storyboard in Resources */ = {isa = PBXBuildFile; fileRef = 3979096B229F791400EAA8FE /* DynamicNews.storyboard */; };
		3979096E229F792700EAA8FE /* NewsChecklist.storyboard in Resources */ = {isa = PBXBuildFile; fileRef = 3979096D229F792700EAA8FE /* NewsChecklist.storyboard */; };
		39790970229F7E1300EAA8FE /* DynamicNewsController.swift in Sources */ = {isa = PBXBuildFile; fileRef = 3979096F229F7E1300EAA8FE /* DynamicNewsController.swift */; };
		39790972229F84B300EAA8FE /* NewsChecklistController.swift in Sources */ = {isa = PBXBuildFile; fileRef = 39790971229F84B300EAA8FE /* NewsChecklistController.swift */; };
		39790974229F910800EAA8FE /* VPR.png in Resources */ = {isa = PBXBuildFile; fileRef = 39790973229F910800EAA8FE /* VPR.png */; };
		39790976229F916E00EAA8FE /* CNN.png in Resources */ = {isa = PBXBuildFile; fileRef = 39790975229F916E00EAA8FE /* CNN.png */; };
		39790978229F91A800EAA8FE /* ALZ.png in Resources */ = {isa = PBXBuildFile; fileRef = 39790977229F91A800EAA8FE /* ALZ.png */; };
		3979097A229F920000EAA8FE /* ABC.png in Resources */ = {isa = PBXBuildFile; fileRef = 39790979229F91FF00EAA8FE /* ABC.png */; };
		3979097C229F929400EAA8FE /* WSJ.png in Resources */ = {isa = PBXBuildFile; fileRef = 3979097B229F929400EAA8FE /* WSJ.png */; };
		3979097E229F92DD00EAA8FE /* NPR.png in Resources */ = {isa = PBXBuildFile; fileRef = 3979097D229F92DD00EAA8FE /* NPR.png */; };
		39790980229F930300EAA8FE /* reuters.png in Resources */ = {isa = PBXBuildFile; fileRef = 3979097F229F930300EAA8FE /* reuters.png */; };
		39790982229F934500EAA8FE /* AP.png in Resources */ = {isa = PBXBuildFile; fileRef = 39790981229F934500EAA8FE /* AP.png */; };
		39790984229F939C00EAA8FE /* HP.png in Resources */ = {isa = PBXBuildFile; fileRef = 39790983229F939C00EAA8FE /* HP.png */; };
		39790986229F945F00EAA8FE /* BBC.png in Resources */ = {isa = PBXBuildFile; fileRef = 39790985229F945F00EAA8FE /* BBC.png */; };
		39790988229F94B400EAA8FE /* guard.png in Resources */ = {isa = PBXBuildFile; fileRef = 39790987229F94B400EAA8FE /* guard.png */; };
		3979098A229F94C000EAA8FE /* WP.png in Resources */ = {isa = PBXBuildFile; fileRef = 39790989229F94C000EAA8FE /* WP.png */; };
		3979098C22A0012A00EAA8FE /* SD.jpg in Resources */ = {isa = PBXBuildFile; fileRef = 3979098B22A0012A00EAA8FE /* SD.jpg */; };
		3979098E22A001BA00EAA8FE /* WCAX.jpg in Resources */ = {isa = PBXBuildFile; fileRef = 3979098D22A001BA00EAA8FE /* WCAX.jpg */; };
		3979099022A001FA00EAA8FE /* MCV.jpg in Resources */ = {isa = PBXBuildFile; fileRef = 3979098F22A001FA00EAA8FE /* MCV.jpg */; };
		3979099222A0023100EAA8FE /* N10.jpg in Resources */ = {isa = PBXBuildFile; fileRef = 3979099122A0023100EAA8FE /* N10.jpg */; };
		3979099422A0025300EAA8FE /* VPR.jpg in Resources */ = {isa = PBXBuildFile; fileRef = 3979099322A0025300EAA8FE /* VPR.jpg */; };
		39B88B8D22728DC70018B675 /* NewNews.storyboard in Resources */ = {isa = PBXBuildFile; fileRef = 39B88B8C22728DC70018B675 /* NewNews.storyboard */; };
		39B88B8F22728DFE0018B675 /* NewNewsController.swift in Sources */ = {isa = PBXBuildFile; fileRef = 39B88B8E22728DFE0018B675 /* NewNewsController.swift */; };
		39B88B93227292620018B675 /* BFP.png in Resources */ = {isa = PBXBuildFile; fileRef = 39B88B92227292620018B675 /* BFP.png */; };
		39B88B962272943D0018B675 /* MCV.png in Resources */ = {isa = PBXBuildFile; fileRef = 39B88B952272943D0018B675 /* MCV.png */; };
		39ED26B122723EA600B7D843 /* border.png in Resources */ = {isa = PBXBuildFile; fileRef = 39ED26B022723EA600B7D843 /* border.png */; };
		3BD10A5E22669B5C001D0B5B /* MapViewController.swift in Sources */ = {isa = PBXBuildFile; fileRef = 3BD10A5D22669B5C001D0B5B /* MapViewController.swift */; };
		90F3D09151375758BCB60624 /* Pods_Howard2Tests.framework in Frameworks */ = {isa = PBXBuildFile; fileRef = 14F761DFDB77D8341E666CB9 /* Pods_Howard2Tests.framework */; };
		9703856F22721E7C00C47655 /* Flash.png in Resources */ = {isa = PBXBuildFile; fileRef = 9703856E22721E7C00C47655 /* Flash.png */; };
		970385732274F5F900C47655 /* messages.jpg in Resources */ = {isa = PBXBuildFile; fileRef = 970385722274F5F900C47655 /* messages.jpg */; };
		970385752274F7A400C47655 /* bus.jpg in Resources */ = {isa = PBXBuildFile; fileRef = 970385742274F7A400C47655 /* bus.jpg */; };
		970385772274FB4700C47655 /* concert.jpg in Resources */ = {isa = PBXBuildFile; fileRef = 970385762274FB4700C47655 /* concert.jpg */; };
		970385792274FCCE00C47655 /* speech.jpeg in Resources */ = {isa = PBXBuildFile; fileRef = 970385782274FCCE00C47655 /* speech.jpeg */; };
		9703857B2274FE3B00C47655 /* motivation.jpg in Resources */ = {isa = PBXBuildFile; fileRef = 9703857A2274FE3B00C47655 /* motivation.jpg */; };
		9703857D227A5BC100C47655 /* bus.png in Resources */ = {isa = PBXBuildFile; fileRef = 9703857C227A5BC000C47655 /* bus.png */; };
		9703857F227A626900C47655 /* youTube.png in Resources */ = {isa = PBXBuildFile; fileRef = 9703857E227A626900C47655 /* youTube.png */; };
		BB2C7F657E8BD5354296FC30 /* Pods_Howard2.framework in Frameworks */ = {isa = PBXBuildFile; fileRef = E8A1C8F5C002156960D2A655 /* Pods_Howard2.framework */; };
		F544E4CD4905606B7A5B9A2F /* Pods_Howard2UITests.framework in Frameworks */ = {isa = PBXBuildFile; fileRef = 38396B5807B2566ECC327698 /* Pods_Howard2UITests.framework */; };
		F74140DF227B2972007836F9 /* note2.wav in Resources */ = {isa = PBXBuildFile; fileRef = F74140D8227B2971007836F9 /* note2.wav */; };
		F74140E0227B2972007836F9 /* note6.wav in Resources */ = {isa = PBXBuildFile; fileRef = F74140D9227B2971007836F9 /* note6.wav */; };
		F74140E1227B2972007836F9 /* note3.wav in Resources */ = {isa = PBXBuildFile; fileRef = F74140DA227B2971007836F9 /* note3.wav */; };
		F74140E2227B2972007836F9 /* note5.wav in Resources */ = {isa = PBXBuildFile; fileRef = F74140DB227B2971007836F9 /* note5.wav */; };
		F74140E3227B2972007836F9 /* note7.wav in Resources */ = {isa = PBXBuildFile; fileRef = F74140DC227B2971007836F9 /* note7.wav */; };
		F74140E4227B2972007836F9 /* note4.wav in Resources */ = {isa = PBXBuildFile; fileRef = F74140DD227B2971007836F9 /* note4.wav */; };
		F74140E5227B2972007836F9 /* note1.wav in Resources */ = {isa = PBXBuildFile; fileRef = F74140DE227B2972007836F9 /* note1.wav */; };
		F74140E8227B2A51007836F9 /* Xylophone.swift in Sources */ = {isa = PBXBuildFile; fileRef = F74140E7227B2A51007836F9 /* Xylophone.swift */; };
		F7838118227A126500902F3B /* GoogleService-Info.plist in Resources */ = {isa = PBXBuildFile; fileRef = F7838117227A126500902F3B /* GoogleService-Info.plist */; };
		F7838120227A29AF00902F3B /* ChatRoom.storyboard in Resources */ = {isa = PBXBuildFile; fileRef = F783811F227A29AE00902F3B /* ChatRoom.storyboard */; };
		F7838122227A4F1200902F3B /* Xylophone.storyboard in Resources */ = {isa = PBXBuildFile; fileRef = F7838121227A4F1200902F3B /* Xylophone.storyboard */; };
		F7A7046B227A0CDE00C0146B /* CustomMessageCell.swift in Sources */ = {isa = PBXBuildFile; fileRef = F7A70460227A0CDB00C0146B /* CustomMessageCell.swift */; };
		F7A7046C227A0CDE00C0146B /* WelcomeViewController.swift in Sources */ = {isa = PBXBuildFile; fileRef = F7A70461227A0CDB00C0146B /* WelcomeViewController.swift */; };
		F7A7046D227A0CDE00C0146B /* RegisterViewController.swift in Sources */ = {isa = PBXBuildFile; fileRef = F7A70462227A0CDB00C0146B /* RegisterViewController.swift */; };
		F7A70470227A0CDE00C0146B /* AppDelegate.swift in Sources */ = {isa = PBXBuildFile; fileRef = F7A70465227A0CDB00C0146B /* AppDelegate.swift */; };
		F7A70471227A0CDE00C0146B /* LogInViewController.swift in Sources */ = {isa = PBXBuildFile; fileRef = F7A70466227A0CDB00C0146B /* LogInViewController.swift */; };
		F7A70472227A0CDE00C0146B /* ChatViewController.swift in Sources */ = {isa = PBXBuildFile; fileRef = F7A70467227A0CDB00C0146B /* ChatViewController.swift */; };
		F7A70473227A0CDE00C0146B /* Message.swift in Sources */ = {isa = PBXBuildFile; fileRef = F7A70468227A0CDC00C0146B /* Message.swift */; };
		F7A70474227A0CDE00C0146B /* Images.xcassets in Resources */ = {isa = PBXBuildFile; fileRef = F7A70469227A0CDD00C0146B /* Images.xcassets */; };
		F7A70475227A0CDE00C0146B /* MessageCell.xib in Resources */ = {isa = PBXBuildFile; fileRef = F7A7046A227A0CDE00C0146B /* MessageCell.xib */; };
		F7DC6502224D182A00C8EA66 /* ViewController.swift in Sources */ = {isa = PBXBuildFile; fileRef = F7DC6501224D182A00C8EA66 /* ViewController.swift */; };
		F7DC6505224D182A00C8EA66 /* Main.storyboard in Resources */ = {isa = PBXBuildFile; fileRef = F7DC6503224D182A00C8EA66 /* Main.storyboard */; };
		F7DC6507224D182C00C8EA66 /* Assets.xcassets in Resources */ = {isa = PBXBuildFile; fileRef = F7DC6506224D182C00C8EA66 /* Assets.xcassets */; };
		F7DC650A224D182C00C8EA66 /* LaunchScreen.storyboard in Resources */ = {isa = PBXBuildFile; fileRef = F7DC6508224D182C00C8EA66 /* LaunchScreen.storyboard */; };
		F7DC6515224D182C00C8EA66 /* Howard2Tests.swift in Sources */ = {isa = PBXBuildFile; fileRef = F7DC6514224D182C00C8EA66 /* Howard2Tests.swift */; };
		F7DC6520224D182C00C8EA66 /* Howard2UITests.swift in Sources */ = {isa = PBXBuildFile; fileRef = F7DC651F224D182C00C8EA66 /* Howard2UITests.swift */; };
		F7DC652E224D241200C8EA66 /* Apps.storyboard in Resources */ = {isa = PBXBuildFile; fileRef = F7DC652D224D241200C8EA66 /* Apps.storyboard */; };
/* End PBXBuildFile section */

/* Begin PBXContainerItemProxy section */
		F7DC6511224D182C00C8EA66 /* PBXContainerItemProxy */ = {
			isa = PBXContainerItemProxy;
			containerPortal = F7DC64F4224D182A00C8EA66 /* Project object */;
			proxyType = 1;
			remoteGlobalIDString = F7DC64FB224D182A00C8EA66;
			remoteInfo = Howard2;
		};
		F7DC651C224D182C00C8EA66 /* PBXContainerItemProxy */ = {
			isa = PBXContainerItemProxy;
			containerPortal = F7DC64F4224D182A00C8EA66 /* Project object */;
			proxyType = 1;
			remoteGlobalIDString = F7DC64FB224D182A00C8EA66;
			remoteInfo = Howard2;
		};
/* End PBXContainerItemProxy section */

/* Begin PBXFileReference section */
		13131011034041BCEA7925CB /* Pods-Howard2Tests.release.xcconfig */ = {isa = PBXFileReference; includeInIndex = 1; lastKnownFileType = text.xcconfig; name = "Pods-Howard2Tests.release.xcconfig"; path = "Target Support Files/Pods-Howard2Tests/Pods-Howard2Tests.release.xcconfig"; sourceTree = "<group>"; };
		14F761DFDB77D8341E666CB9 /* Pods_Howard2Tests.framework */ = {isa = PBXFileReference; explicitFileType = wrapper.framework; includeInIndex = 0; path = Pods_Howard2Tests.framework; sourceTree = BUILT_PRODUCTS_DIR; };
		38396B5807B2566ECC327698 /* Pods_Howard2UITests.framework */ = {isa = PBXFileReference; explicitFileType = wrapper.framework; includeInIndex = 0; path = Pods_Howard2UITests.framework; sourceTree = BUILT_PRODUCTS_DIR; };
		3903828C2266864B003422D3 /* funguy.png */ = {isa = PBXFileReference; lastKnownFileType = image.png; path = funguy.png; sourceTree = "<group>"; };
		3903828D2266864B003422D3 /* HomeIcon.png */ = {isa = PBXFileReference; lastKnownFileType = image.png; path = HomeIcon.png; sourceTree = "<group>"; };
		3903828E2266864B003422D3 /* SettingsIcon.png */ = {isa = PBXFileReference; lastKnownFileType = image.png; path = SettingsIcon.png; sourceTree = "<group>"; };
		390382922266868F003422D3 /* AskHoward.storyboard */ = {isa = PBXFileReference; lastKnownFileType = file.storyboard; path = AskHoward.storyboard; sourceTree = "<group>"; };
		39038294226689A3003422D3 /* AskHowardController.swift */ = {isa = PBXFileReference; lastKnownFileType = sourcecode.swift; path = AskHowardController.swift; sourceTree = "<group>"; };
		3903829622668B2A003422D3 /* questionMark.png */ = {isa = PBXFileReference; lastKnownFileType = image.png; path = questionMark.png; sourceTree = "<group>"; };
		39068990227298CF0068E4D2 /* N10.png */ = {isa = PBXFileReference; lastKnownFileType = image.png; path = N10.png; sourceTree = "<group>"; };
		3906899222729CEC0068E4D2 /* SD.jpeg */ = {isa = PBXFileReference; lastKnownFileType = image.jpeg; path = SD.jpeg; sourceTree = "<group>"; };
		390689942272A2080068E4D2 /* placeholder.png */ = {isa = PBXFileReference; lastKnownFileType = image.png; path = placeholder.png; sourceTree = "<group>"; };
		390689962272A33F0068E4D2 /* xylophone.jpg */ = {isa = PBXFileReference; lastKnownFileType = image.jpeg; path = xylophone.jpg; sourceTree = "<group>"; };
		390689982272A4000068E4D2 /* Calender.png */ = {isa = PBXFileReference; lastKnownFileType = image.png; name = Calender.png; path = Howard2/Images/Calender.png; sourceTree = SOURCE_ROOT; };
		3906899A2272A5810068E4D2 /* thinker.png */ = {isa = PBXFileReference; lastKnownFileType = image.png; path = thinker.png; sourceTree = "<group>"; };
		3906899C227928A30068E4D2 /* refresh.png */ = {isa = PBXFileReference; lastKnownFileType = image.png; name = refresh.png; path = Howard2/Images/refresh.png; sourceTree = SOURCE_ROOT; };
		3906899E2279479A0068E4D2 /* peeking.png */ = {isa = PBXFileReference; lastKnownFileType = image.png; name = peeking.png; path = Howard2/Images/peeking.png; sourceTree = SOURCE_ROOT; };
		390689A0227948FC0068E4D2 /* peeking reverse.png */ = {isa = PBXFileReference; lastKnownFileType = image.png; name = "peeking reverse.png"; path = "Howard2/Images/peeking reverse.png"; sourceTree = SOURCE_ROOT; };
		390689A7227A660E0068E4D2 /* curtain.jpg */ = {isa = PBXFileReference; lastKnownFileType = image.jpeg; path = curtain.jpg; sourceTree = "<group>"; };
		3939DBDF22564918001A8A7B /* Login.storyboard */ = {isa = PBXFileReference; lastKnownFileType = file.storyboard; path = Login.storyboard; sourceTree = "<group>"; };
		3939DBE122564928001A8A7B /* Signup.storyboard */ = {isa = PBXFileReference; lastKnownFileType = file.storyboard; path = Signup.storyboard; sourceTree = "<group>"; };
		3939DBE722564989001A8A7B /* LoginController.swift */ = {isa = PBXFileReference; lastKnownFileType = sourcecode.swift; path = LoginController.swift; sourceTree = "<group>"; };
		3939DBE92256499B001A8A7B /* SignupController.swift */ = {isa = PBXFileReference; lastKnownFileType = sourcecode.swift; path = SignupController.swift; sourceTree = "<group>"; };
		3939DBEB225649B9001A8A7B /* LaunchScreenController.swift */ = {isa = PBXFileReference; lastKnownFileType = sourcecode.swift; path = LaunchScreenController.swift; sourceTree = "<group>"; };
		3939DBED225649D7001A8A7B /* AppsController.swift */ = {isa = PBXFileReference; lastKnownFileType = sourcecode.swift; path = AppsController.swift; sourceTree = "<group>"; };
		396027D3225E9A390007CCDD /* NewCallScreen.storyboard */ = {isa = PBXFileReference; lastKnownFileType = file.storyboard; path = NewCallScreen.storyboard; sourceTree = "<group>"; };
		396027D5225E9AD90007CCDD /* NewCallScreenController.swift */ = {isa = PBXFileReference; lastKnownFileType = sourcecode.swift; path = NewCallScreenController.swift; sourceTree = "<group>"; };
		396E0DC2226FCCD7004F2C13 /* NewCheckList.storyboard */ = {isa = PBXFileReference; lastKnownFileType = file.storyboard; path = NewCheckList.storyboard; sourceTree = "<group>"; };
		396E0DC4226FCD86004F2C13 /* NewCheckListController.swift */ = {isa = PBXFileReference; lastKnownFileType = sourcecode.swift; path = NewCheckListController.swift; sourceTree = "<group>"; };
		39790957227A76D500EAA8FE /* Roxie.jpg */ = {isa = PBXFileReference; lastKnownFileType = image.jpeg; path = Roxie.jpg; sourceTree = "<group>"; };
		39790959227A7ADE00EAA8FE /* Echo.jpg */ = {isa = PBXFileReference; lastKnownFileType = image.jpeg; path = Echo.jpg; sourceTree = "<group>"; };
		3979095B227A7D1F00EAA8FE /* weather.jpg */ = {isa = PBXFileReference; lastKnownFileType = image.jpeg; path = weather.jpg; sourceTree = "<group>"; };
		3979095D227A80FF00EAA8FE /* howardCenter.jpg */ = {isa = PBXFileReference; lastKnownFileType = image.jpeg; path = howardCenter.jpg; sourceTree = "<group>"; };
		397909612285A9E000EAA8FE /* HowardCenterHeader.png */ = {isa = PBXFileReference; lastKnownFileType = image.png; path = HowardCenterHeader.png; sourceTree = "<group>"; };
		3979096B229F791400EAA8FE /* DynamicNews.storyboard */ = {isa = PBXFileReference; fileEncoding = 4; lastKnownFileType = file.storyboard; path = DynamicNews.storyboard; sourceTree = "<group>"; };
		3979096D229F792700EAA8FE /* NewsChecklist.storyboard */ = {isa = PBXFileReference; fileEncoding = 4; lastKnownFileType = file.storyboard; path = NewsChecklist.storyboard; sourceTree = "<group>"; };
		3979096F229F7E1300EAA8FE /* DynamicNewsController.swift */ = {isa = PBXFileReference; fileEncoding = 4; lastKnownFileType = sourcecode.swift; path = DynamicNewsController.swift; sourceTree = "<group>"; };
		39790971229F84B300EAA8FE /* NewsChecklistController.swift */ = {isa = PBXFileReference; fileEncoding = 4; lastKnownFileType = sourcecode.swift; path = NewsChecklistController.swift; sourceTree = "<group>"; };
		39790973229F910800EAA8FE /* VPR.png */ = {isa = PBXFileReference; lastKnownFileType = image.png; path = VPR.png; sourceTree = "<group>"; };
		39790975229F916E00EAA8FE /* CNN.png */ = {isa = PBXFileReference; lastKnownFileType = image.png; path = CNN.png; sourceTree = "<group>"; };
		39790977229F91A800EAA8FE /* ALZ.png */ = {isa = PBXFileReference; lastKnownFileType = image.png; path = ALZ.png; sourceTree = "<group>"; };
		39790979229F91FF00EAA8FE /* ABC.png */ = {isa = PBXFileReference; lastKnownFileType = image.png; path = ABC.png; sourceTree = "<group>"; };
		3979097B229F929400EAA8FE /* WSJ.png */ = {isa = PBXFileReference; lastKnownFileType = image.png; path = WSJ.png; sourceTree = "<group>"; };
		3979097D229F92DD00EAA8FE /* NPR.png */ = {isa = PBXFileReference; lastKnownFileType = image.png; path = NPR.png; sourceTree = "<group>"; };
		3979097F229F930300EAA8FE /* reuters.png */ = {isa = PBXFileReference; lastKnownFileType = image.png; path = reuters.png; sourceTree = "<group>"; };
		39790981229F934500EAA8FE /* AP.png */ = {isa = PBXFileReference; lastKnownFileType = image.png; path = AP.png; sourceTree = "<group>"; };
		39790983229F939C00EAA8FE /* HP.png */ = {isa = PBXFileReference; lastKnownFileType = image.png; path = HP.png; sourceTree = "<group>"; };
		39790985229F945F00EAA8FE /* BBC.png */ = {isa = PBXFileReference; lastKnownFileType = image.png; path = BBC.png; sourceTree = "<group>"; };
		39790987229F94B400EAA8FE /* guard.png */ = {isa = PBXFileReference; lastKnownFileType = image.png; path = guard.png; sourceTree = "<group>"; };
		39790989229F94C000EAA8FE /* WP.png */ = {isa = PBXFileReference; lastKnownFileType = image.png; path = WP.png; sourceTree = "<group>"; };
		3979098B22A0012A00EAA8FE /* SD.jpg */ = {isa = PBXFileReference; lastKnownFileType = image.jpeg; path = SD.jpg; sourceTree = "<group>"; };
		3979098D22A001BA00EAA8FE /* WCAX.jpg */ = {isa = PBXFileReference; lastKnownFileType = image.jpeg; path = WCAX.jpg; sourceTree = "<group>"; };
		3979098F22A001FA00EAA8FE /* MCV.jpg */ = {isa = PBXFileReference; lastKnownFileType = image.jpeg; path = MCV.jpg; sourceTree = "<group>"; };
		3979099122A0023100EAA8FE /* N10.jpg */ = {isa = PBXFileReference; lastKnownFileType = image.jpeg; path = N10.jpg; sourceTree = "<group>"; };
		3979099322A0025300EAA8FE /* VPR.jpg */ = {isa = PBXFileReference; lastKnownFileType = image.jpeg; path = VPR.jpg; sourceTree = "<group>"; };
		39B88B8C22728DC70018B675 /* NewNews.storyboard */ = {isa = PBXFileReference; lastKnownFileType = file.storyboard; path = NewNews.storyboard; sourceTree = "<group>"; };
		39B88B8E22728DFE0018B675 /* NewNewsController.swift */ = {isa = PBXFileReference; lastKnownFileType = sourcecode.swift; path = NewNewsController.swift; sourceTree = "<group>"; };
		39B88B92227292620018B675 /* BFP.png */ = {isa = PBXFileReference; lastKnownFileType = image.png; name = BFP.png; path = Howard2/Images/BFP.png; sourceTree = SOURCE_ROOT; };
		39B88B952272943D0018B675 /* MCV.png */ = {isa = PBXFileReference; lastKnownFileType = image.png; path = MCV.png; sourceTree = "<group>"; };
		39B88B9B227295E70018B675 /* WCAX.png */ = {isa = PBXFileReference; lastKnownFileType = image.png; name = WCAX.png; path = /Users/mintzimal/Documents/HowardCenterFinal/Howard2/Images/WCAX.png; sourceTree = "<absolute>"; };
		39ED26B022723EA600B7D843 /* border.png */ = {isa = PBXFileReference; lastKnownFileType = image.png; name = border.png; path = Howard2/Images/border.png; sourceTree = SOURCE_ROOT; };
		3BD10A5D22669B5C001D0B5B /* MapViewController.swift */ = {isa = PBXFileReference; lastKnownFileType = sourcecode.swift; path = MapViewController.swift; sourceTree = "<group>"; };
		4334D3AEF8A2D47BF7F50B80 /* Pods-Howard2UITests.release.xcconfig */ = {isa = PBXFileReference; includeInIndex = 1; lastKnownFileType = text.xcconfig; name = "Pods-Howard2UITests.release.xcconfig"; path = "Target Support Files/Pods-Howard2UITests/Pods-Howard2UITests.release.xcconfig"; sourceTree = "<group>"; };
		5F9BB3E553FA092987382D05 /* Pods-Howard2.release.xcconfig */ = {isa = PBXFileReference; includeInIndex = 1; lastKnownFileType = text.xcconfig; name = "Pods-Howard2.release.xcconfig"; path = "Target Support Files/Pods-Howard2/Pods-Howard2.release.xcconfig"; sourceTree = "<group>"; };
		6CDB798EA0DE69394BFC242F /* Pods-Howard2UITests.debug.xcconfig */ = {isa = PBXFileReference; includeInIndex = 1; lastKnownFileType = text.xcconfig; name = "Pods-Howard2UITests.debug.xcconfig"; path = "Target Support Files/Pods-Howard2UITests/Pods-Howard2UITests.debug.xcconfig"; sourceTree = "<group>"; };
		8EB9640237BD46A865126FA4 /* Pods-Howard2Tests.debug.xcconfig */ = {isa = PBXFileReference; includeInIndex = 1; lastKnownFileType = text.xcconfig; name = "Pods-Howard2Tests.debug.xcconfig"; path = "Target Support Files/Pods-Howard2Tests/Pods-Howard2Tests.debug.xcconfig"; sourceTree = "<group>"; };
		95ED57F9C15FD9D490D0A6C1 /* Pods-Howard2.debug.xcconfig */ = {isa = PBXFileReference; includeInIndex = 1; lastKnownFileType = text.xcconfig; name = "Pods-Howard2.debug.xcconfig"; path = "Target Support Files/Pods-Howard2/Pods-Howard2.debug.xcconfig"; sourceTree = "<group>"; };
		9703856E22721E7C00C47655 /* Flash.png */ = {isa = PBXFileReference; lastKnownFileType = image.png; path = Flash.png; sourceTree = "<group>"; };
		970385722274F5F900C47655 /* messages.jpg */ = {isa = PBXFileReference; lastKnownFileType = image.jpeg; path = messages.jpg; sourceTree = "<group>"; };
		970385742274F7A400C47655 /* bus.jpg */ = {isa = PBXFileReference; lastKnownFileType = image.jpeg; path = bus.jpg; sourceTree = "<group>"; };
		970385762274FB4700C47655 /* concert.jpg */ = {isa = PBXFileReference; lastKnownFileType = image.jpeg; path = concert.jpg; sourceTree = "<group>"; };
		970385782274FCCE00C47655 /* speech.jpeg */ = {isa = PBXFileReference; lastKnownFileType = image.jpeg; path = speech.jpeg; sourceTree = "<group>"; };
		9703857A2274FE3B00C47655 /* motivation.jpg */ = {isa = PBXFileReference; lastKnownFileType = image.jpeg; path = motivation.jpg; sourceTree = "<group>"; };
		9703857C227A5BC000C47655 /* bus.png */ = {isa = PBXFileReference; lastKnownFileType = image.png; path = bus.png; sourceTree = "<group>"; };
		9703857E227A626900C47655 /* youTube.png */ = {isa = PBXFileReference; lastKnownFileType = image.png; path = youTube.png; sourceTree = "<group>"; };
		E8A1C8F5C002156960D2A655 /* Pods_Howard2.framework */ = {isa = PBXFileReference; explicitFileType = wrapper.framework; includeInIndex = 0; path = Pods_Howard2.framework; sourceTree = BUILT_PRODUCTS_DIR; };
		F74140D8227B2971007836F9 /* note2.wav */ = {isa = PBXFileReference; lastKnownFileType = audio.wav; path = note2.wav; sourceTree = "<group>"; };
		F74140D9227B2971007836F9 /* note6.wav */ = {isa = PBXFileReference; lastKnownFileType = audio.wav; path = note6.wav; sourceTree = "<group>"; };
		F74140DA227B2971007836F9 /* note3.wav */ = {isa = PBXFileReference; lastKnownFileType = audio.wav; path = note3.wav; sourceTree = "<group>"; };
		F74140DB227B2971007836F9 /* note5.wav */ = {isa = PBXFileReference; lastKnownFileType = audio.wav; path = note5.wav; sourceTree = "<group>"; };
		F74140DC227B2971007836F9 /* note7.wav */ = {isa = PBXFileReference; lastKnownFileType = audio.wav; path = note7.wav; sourceTree = "<group>"; };
		F74140DD227B2971007836F9 /* note4.wav */ = {isa = PBXFileReference; lastKnownFileType = audio.wav; path = note4.wav; sourceTree = "<group>"; };
		F74140DE227B2972007836F9 /* note1.wav */ = {isa = PBXFileReference; lastKnownFileType = audio.wav; path = note1.wav; sourceTree = "<group>"; };
		F74140E7227B2A51007836F9 /* Xylophone.swift */ = {isa = PBXFileReference; fileEncoding = 4; lastKnownFileType = sourcecode.swift; path = Xylophone.swift; sourceTree = "<group>"; };
		F7838117227A126500902F3B /* GoogleService-Info.plist */ = {isa = PBXFileReference; fileEncoding = 4; lastKnownFileType = text.plist.xml; path = "GoogleService-Info.plist"; sourceTree = "<group>"; };
		F783811F227A29AE00902F3B /* ChatRoom.storyboard */ = {isa = PBXFileReference; fileEncoding = 4; lastKnownFileType = file.storyboard; path = ChatRoom.storyboard; sourceTree = "<group>"; };
		F7838121227A4F1200902F3B /* Xylophone.storyboard */ = {isa = PBXFileReference; lastKnownFileType = file.storyboard; path = Xylophone.storyboard; sourceTree = "<group>"; };
		F7A70460227A0CDB00C0146B /* CustomMessageCell.swift */ = {isa = PBXFileReference; fileEncoding = 4; lastKnownFileType = sourcecode.swift; path = CustomMessageCell.swift; sourceTree = "<group>"; };
		F7A70461227A0CDB00C0146B /* WelcomeViewController.swift */ = {isa = PBXFileReference; fileEncoding = 4; lastKnownFileType = sourcecode.swift; path = WelcomeViewController.swift; sourceTree = "<group>"; };
		F7A70462227A0CDB00C0146B /* RegisterViewController.swift */ = {isa = PBXFileReference; fileEncoding = 4; lastKnownFileType = sourcecode.swift; path = RegisterViewController.swift; sourceTree = "<group>"; };
		F7A70465227A0CDB00C0146B /* AppDelegate.swift */ = {isa = PBXFileReference; fileEncoding = 4; lastKnownFileType = sourcecode.swift; path = AppDelegate.swift; sourceTree = "<group>"; };
		F7A70466227A0CDB00C0146B /* LogInViewController.swift */ = {isa = PBXFileReference; fileEncoding = 4; lastKnownFileType = sourcecode.swift; path = LogInViewController.swift; sourceTree = "<group>"; };
		F7A70467227A0CDB00C0146B /* ChatViewController.swift */ = {isa = PBXFileReference; fileEncoding = 4; lastKnownFileType = sourcecode.swift; path = ChatViewController.swift; sourceTree = "<group>"; };
		F7A70468227A0CDC00C0146B /* Message.swift */ = {isa = PBXFileReference; fileEncoding = 4; lastKnownFileType = sourcecode.swift; path = Message.swift; sourceTree = "<group>"; };
		F7A70469227A0CDD00C0146B /* Images.xcassets */ = {isa = PBXFileReference; lastKnownFileType = folder.assetcatalog; path = Images.xcassets; sourceTree = "<group>"; };
		F7A7046A227A0CDE00C0146B /* MessageCell.xib */ = {isa = PBXFileReference; fileEncoding = 4; lastKnownFileType = file.xib; path = MessageCell.xib; sourceTree = "<group>"; };
		F7DC64FC224D182A00C8EA66 /* Howard2.app */ = {isa = PBXFileReference; explicitFileType = wrapper.application; includeInIndex = 0; path = Howard2.app; sourceTree = BUILT_PRODUCTS_DIR; };
		F7DC6501224D182A00C8EA66 /* ViewController.swift */ = {isa = PBXFileReference; lastKnownFileType = sourcecode.swift; path = ViewController.swift; sourceTree = "<group>"; };
		F7DC6504224D182A00C8EA66 /* Base */ = {isa = PBXFileReference; lastKnownFileType = file.storyboard; name = Base; path = Base.lproj/Main.storyboard; sourceTree = "<group>"; };
		F7DC6506224D182C00C8EA66 /* Assets.xcassets */ = {isa = PBXFileReference; lastKnownFileType = folder.assetcatalog; path = Assets.xcassets; sourceTree = "<group>"; };
		F7DC6509224D182C00C8EA66 /* Base */ = {isa = PBXFileReference; lastKnownFileType = file.storyboard; name = Base; path = Base.lproj/LaunchScreen.storyboard; sourceTree = "<group>"; };
		F7DC650B224D182C00C8EA66 /* Info.plist */ = {isa = PBXFileReference; lastKnownFileType = text.plist.xml; path = Info.plist; sourceTree = "<group>"; };
		F7DC6510224D182C00C8EA66 /* Howard2Tests.xctest */ = {isa = PBXFileReference; explicitFileType = wrapper.cfbundle; includeInIndex = 0; path = Howard2Tests.xctest; sourceTree = BUILT_PRODUCTS_DIR; };
		F7DC6514224D182C00C8EA66 /* Howard2Tests.swift */ = {isa = PBXFileReference; lastKnownFileType = sourcecode.swift; path = Howard2Tests.swift; sourceTree = "<group>"; };
		F7DC6516224D182C00C8EA66 /* Info.plist */ = {isa = PBXFileReference; lastKnownFileType = text.plist.xml; path = Info.plist; sourceTree = "<group>"; };
		F7DC651B224D182C00C8EA66 /* Howard2UITests.xctest */ = {isa = PBXFileReference; explicitFileType = wrapper.cfbundle; includeInIndex = 0; path = Howard2UITests.xctest; sourceTree = BUILT_PRODUCTS_DIR; };
		F7DC651F224D182C00C8EA66 /* Howard2UITests.swift */ = {isa = PBXFileReference; lastKnownFileType = sourcecode.swift; path = Howard2UITests.swift; sourceTree = "<group>"; };
		F7DC6521224D182C00C8EA66 /* Info.plist */ = {isa = PBXFileReference; lastKnownFileType = text.plist.xml; path = Info.plist; sourceTree = "<group>"; };
		F7DC652D224D241200C8EA66 /* Apps.storyboard */ = {isa = PBXFileReference; lastKnownFileType = file.storyboard; path = Apps.storyboard; sourceTree = "<group>"; };
/* End PBXFileReference section */

/* Begin PBXFrameworksBuildPhase section */
		F7DC64F9224D182A00C8EA66 /* Frameworks */ = {
			isa = PBXFrameworksBuildPhase;
			buildActionMask = 2147483647;
			files = (
				BB2C7F657E8BD5354296FC30 /* Pods_Howard2.framework in Frameworks */,
			);
			runOnlyForDeploymentPostprocessing = 0;
		};
		F7DC650D224D182C00C8EA66 /* Frameworks */ = {
			isa = PBXFrameworksBuildPhase;
			buildActionMask = 2147483647;
			files = (
				90F3D09151375758BCB60624 /* Pods_Howard2Tests.framework in Frameworks */,
			);
			runOnlyForDeploymentPostprocessing = 0;
		};
		F7DC6518224D182C00C8EA66 /* Frameworks */ = {
			isa = PBXFrameworksBuildPhase;
			buildActionMask = 2147483647;
			files = (
				F544E4CD4905606B7A5B9A2F /* Pods_Howard2UITests.framework in Frameworks */,
			);
			runOnlyForDeploymentPostprocessing = 0;
		};
/* End PBXFrameworksBuildPhase section */

/* Begin PBXGroup section */
		396027D7225E9D520007CCDD /* Images */ = {
			isa = PBXGroup;
			children = (
				3979099322A0025300EAA8FE /* VPR.jpg */,
				3979099122A0023100EAA8FE /* N10.jpg */,
				3979098F22A001FA00EAA8FE /* MCV.jpg */,
				3979098D22A001BA00EAA8FE /* WCAX.jpg */,
				3979098B22A0012A00EAA8FE /* SD.jpg */,
				39790989229F94C000EAA8FE /* WP.png */,
				39790987229F94B400EAA8FE /* guard.png */,
				39790985229F945F00EAA8FE /* BBC.png */,
				39790983229F939C00EAA8FE /* HP.png */,
				39790981229F934500EAA8FE /* AP.png */,
				3979097F229F930300EAA8FE /* reuters.png */,
				3979097D229F92DD00EAA8FE /* NPR.png */,
				3979097B229F929400EAA8FE /* WSJ.png */,
				39790979229F91FF00EAA8FE /* ABC.png */,
				39790977229F91A800EAA8FE /* ALZ.png */,
				39790975229F916E00EAA8FE /* CNN.png */,
				39790973229F910800EAA8FE /* VPR.png */,
				397909612285A9E000EAA8FE /* HowardCenterHeader.png */,
				3979095D227A80FF00EAA8FE /* howardCenter.jpg */,
				3979095B227A7D1F00EAA8FE /* weather.jpg */,
				39790959227A7ADE00EAA8FE /* Echo.jpg */,
				39790957227A76D500EAA8FE /* Roxie.jpg */,
				390689A7227A660E0068E4D2 /* curtain.jpg */,
				9703857E227A626900C47655 /* youTube.png */,
				9703857C227A5BC000C47655 /* bus.png */,
				9703857A2274FE3B00C47655 /* motivation.jpg */,
				970385782274FCCE00C47655 /* speech.jpeg */,
				970385762274FB4700C47655 /* concert.jpg */,
				3906899C227928A30068E4D2 /* refresh.png */,
				970385742274F7A400C47655 /* bus.jpg */,
				970385722274F5F900C47655 /* messages.jpg */,
				3906899A2272A5810068E4D2 /* thinker.png */,
				390689962272A33F0068E4D2 /* xylophone.jpg */,
				390689942272A2080068E4D2 /* placeholder.png */,
				390689982272A4000068E4D2 /* Calender.png */,
				3906899222729CEC0068E4D2 /* SD.jpeg */,
				39068990227298CF0068E4D2 /* N10.png */,
				39B88B9B227295E70018B675 /* WCAX.png */,
				39B88B952272943D0018B675 /* MCV.png */,
				39ED26B022723EA600B7D843 /* border.png */,
				9703856E22721E7C00C47655 /* Flash.png */,
				3903829622668B2A003422D3 /* questionMark.png */,
				3903828C2266864B003422D3 /* funguy.png */,
				39B88B92227292620018B675 /* BFP.png */,
				3903828D2266864B003422D3 /* HomeIcon.png */,
				3906899E2279479A0068E4D2 /* peeking.png */,
				3903828E2266864B003422D3 /* SettingsIcon.png */,
				390689A0227948FC0068E4D2 /* peeking reverse.png */,
			);
			path = Images;
			sourceTree = "<group>";
		};
		56084EB6B685B25DC211EEC1 /* Frameworks */ = {
			isa = PBXGroup;
			children = (
				E8A1C8F5C002156960D2A655 /* Pods_Howard2.framework */,
				14F761DFDB77D8341E666CB9 /* Pods_Howard2Tests.framework */,
				38396B5807B2566ECC327698 /* Pods_Howard2UITests.framework */,
			);
			name = Frameworks;
			sourceTree = "<group>";
		};
		742BD5C5F7A7E218609A9B1C /* Pods */ = {
			isa = PBXGroup;
			children = (
				95ED57F9C15FD9D490D0A6C1 /* Pods-Howard2.debug.xcconfig */,
				5F9BB3E553FA092987382D05 /* Pods-Howard2.release.xcconfig */,
				8EB9640237BD46A865126FA4 /* Pods-Howard2Tests.debug.xcconfig */,
				13131011034041BCEA7925CB /* Pods-Howard2Tests.release.xcconfig */,
				6CDB798EA0DE69394BFC242F /* Pods-Howard2UITests.debug.xcconfig */,
				4334D3AEF8A2D47BF7F50B80 /* Pods-Howard2UITests.release.xcconfig */,
			);
			path = Pods;
			sourceTree = "<group>";
		};
		F75E70B122721608009BC7EA /* News */ = {
			isa = PBXGroup;
			children = (
				3979096F229F7E1300EAA8FE /* DynamicNewsController.swift */,
				39790971229F84B300EAA8FE /* NewsChecklistController.swift */,
				3979096D229F792700EAA8FE /* NewsChecklist.storyboard */,
				3979096B229F791400EAA8FE /* DynamicNews.storyboard */,
				39B88B8C22728DC70018B675 /* NewNews.storyboard */,
				39B88B8E22728DFE0018B675 /* NewNewsController.swift */,
			);
			path = News;
			sourceTree = "<group>";
		};
		F75E70B222721616009BC7EA /* Login */ = {
			isa = PBXGroup;
			children = (
				3939DBE722564989001A8A7B /* LoginController.swift */,
				3939DBDF22564918001A8A7B /* Login.storyboard */,
			);
			path = Login;
			sourceTree = "<group>";
		};
		F75E70B322721627009BC7EA /* Signup */ = {
			isa = PBXGroup;
			children = (
				3939DBE92256499B001A8A7B /* SignupController.swift */,
				3939DBE122564928001A8A7B /* Signup.storyboard */,
			);
			path = Signup;
			sourceTree = "<group>";
		};
		F75E70B42272163A009BC7EA /* Apps */ = {
			isa = PBXGroup;
			children = (
				3939DBED225649D7001A8A7B /* AppsController.swift */,
				F7DC652D224D241200C8EA66 /* Apps.storyboard */,
			);
			path = Apps;
			sourceTree = "<group>";
		};
		F75E70B522721653009BC7EA /* Call */ = {
			isa = PBXGroup;
			children = (
				3BD10A5D22669B5C001D0B5B /* MapViewController.swift */,
				396027D5225E9AD90007CCDD /* NewCallScreenController.swift */,
				396027D3225E9A390007CCDD /* NewCallScreen.storyboard */,
			);
			path = Call;
			sourceTree = "<group>";
		};
		F75E70B62272167B009BC7EA /* Checklist */ = {
			isa = PBXGroup;
			children = (
				396E0DC2226FCCD7004F2C13 /* NewCheckList.storyboard */,
				396E0DC4226FCD86004F2C13 /* NewCheckListController.swift */,
			);
			path = Checklist;
			sourceTree = "<group>";
		};
		F75E70B7227216D6009BC7EA /* Main */ = {
			isa = PBXGroup;
			children = (
				F7DC6508224D182C00C8EA66 /* LaunchScreen.storyboard */,
				3939DBEB225649B9001A8A7B /* LaunchScreenController.swift */,
				F7DC6501224D182A00C8EA66 /* ViewController.swift */,
				F7DC6503224D182A00C8EA66 /* Main.storyboard */,
			);
			path = Main;
			sourceTree = "<group>";
		};
		F75E70B82272172C009BC7EA /* AskHoward */ = {
			isa = PBXGroup;
			children = (
				390382922266868F003422D3 /* AskHoward.storyboard */,
				39038294226689A3003422D3 /* AskHowardController.swift */,
			);
			path = AskHoward;
			sourceTree = "<group>";
		};
		F7838127227A501E00902F3B /* Xylo */ = {
			isa = PBXGroup;
			children = (
				F74140E7227B2A51007836F9 /* Xylophone.swift */,
				F7838121227A4F1200902F3B /* Xylophone.storyboard */,
				F74140DE227B2972007836F9 /* note1.wav */,
				F74140D8227B2971007836F9 /* note2.wav */,
				F74140DA227B2971007836F9 /* note3.wav */,
				F74140DD227B2971007836F9 /* note4.wav */,
				F74140DB227B2971007836F9 /* note5.wav */,
				F74140D9227B2971007836F9 /* note6.wav */,
				F74140DC227B2971007836F9 /* note7.wav */,
			);
			path = Xylo;
			sourceTree = "<group>";
		};
		F7A70476227A0DBE00C0146B /* Messages */ = {
			isa = PBXGroup;
			children = (
				F7A70469227A0CDD00C0146B /* Images.xcassets */,
				F7A70478227A0DFE00C0146B /* View */,
				F7A70477227A0DEB00C0146B /* Model */,
				F7A7047A227A0E4700C0146B /* Controller */,
			);
			path = Messages;
			sourceTree = "<group>";
		};
		F7A70477227A0DEB00C0146B /* Model */ = {
			isa = PBXGroup;
			children = (
				F7A70468227A0CDC00C0146B /* Message.swift */,
			);
			path = Model;
			sourceTree = "<group>";
		};
		F7A70478227A0DFE00C0146B /* View */ = {
			isa = PBXGroup;
			children = (
				F783811F227A29AE00902F3B /* ChatRoom.storyboard */,
				F7A70479227A0E2A00C0146B /* Custom Cell */,
			);
			path = View;
			sourceTree = "<group>";
		};
		F7A70479227A0E2A00C0146B /* Custom Cell */ = {
			isa = PBXGroup;
			children = (
				F7A7046A227A0CDE00C0146B /* MessageCell.xib */,
				F7A70460227A0CDB00C0146B /* CustomMessageCell.swift */,
			);
			path = "Custom Cell";
			sourceTree = "<group>";
		};
		F7A7047A227A0E4700C0146B /* Controller */ = {
			isa = PBXGroup;
			children = (
				F7A70462227A0CDB00C0146B /* RegisterViewController.swift */,
				F7A70467227A0CDB00C0146B /* ChatViewController.swift */,
				F7A70466227A0CDB00C0146B /* LogInViewController.swift */,
				F7A70461227A0CDB00C0146B /* WelcomeViewController.swift */,
			);
			path = Controller;
			sourceTree = "<group>";
		};
		F7DC64F3224D182A00C8EA66 = {
			isa = PBXGroup;
			children = (
				F7DC64FE224D182A00C8EA66 /* Howard2 */,
				F7DC6513224D182C00C8EA66 /* Howard2Tests */,
				F7DC651E224D182C00C8EA66 /* Howard2UITests */,
				F7DC64FD224D182A00C8EA66 /* Products */,
				742BD5C5F7A7E218609A9B1C /* Pods */,
				56084EB6B685B25DC211EEC1 /* Frameworks */,
			);
			sourceTree = "<group>";
		};
		F7DC64FD224D182A00C8EA66 /* Products */ = {
			isa = PBXGroup;
			children = (
				F7DC64FC224D182A00C8EA66 /* Howard2.app */,
				F7DC6510224D182C00C8EA66 /* Howard2Tests.xctest */,
				F7DC651B224D182C00C8EA66 /* Howard2UITests.xctest */,
			);
			name = Products;
			sourceTree = "<group>";
		};
		F7DC64FE224D182A00C8EA66 /* Howard2 */ = {
			isa = PBXGroup;
			children = (
				F7DC650B224D182C00C8EA66 /* Info.plist */,
				F7838117227A126500902F3B /* GoogleService-Info.plist */,
				F7DC6506224D182C00C8EA66 /* Assets.xcassets */,
				F7A70465227A0CDB00C0146B /* AppDelegate.swift */,
				F7838127227A501E00902F3B /* Xylo */,
				F7A70476227A0DBE00C0146B /* Messages */,
				396027D7225E9D520007CCDD /* Images */,
				F75E70B42272163A009BC7EA /* Apps */,
				F75E70B82272172C009BC7EA /* AskHoward */,
				F75E70B522721653009BC7EA /* Call */,
				F75E70B62272167B009BC7EA /* Checklist */,
				F75E70B222721616009BC7EA /* Login */,
				F75E70B7227216D6009BC7EA /* Main */,
				F75E70B122721608009BC7EA /* News */,
				F75E70B322721627009BC7EA /* Signup */,
			);
			path = Howard2;
			sourceTree = "<group>";
		};
		F7DC6513224D182C00C8EA66 /* Howard2Tests */ = {
			isa = PBXGroup;
			children = (
				F7DC6514224D182C00C8EA66 /* Howard2Tests.swift */,
				F7DC6516224D182C00C8EA66 /* Info.plist */,
			);
			path = Howard2Tests;
			sourceTree = "<group>";
		};
		F7DC651E224D182C00C8EA66 /* Howard2UITests */ = {
			isa = PBXGroup;
			children = (
				F7DC651F224D182C00C8EA66 /* Howard2UITests.swift */,
				F7DC6521224D182C00C8EA66 /* Info.plist */,
			);
			path = Howard2UITests;
			sourceTree = "<group>";
		};
/* End PBXGroup section */

/* Begin PBXNativeTarget section */
		F7DC64FB224D182A00C8EA66 /* Howard2 */ = {
			isa = PBXNativeTarget;
			buildConfigurationList = F7DC6524224D182C00C8EA66 /* Build configuration list for PBXNativeTarget "Howard2" */;
			buildPhases = (
				43D1ACB327C991157FC3D9FF /* [CP] Check Pods Manifest.lock */,
				F7DC64F8224D182A00C8EA66 /* Sources */,
				F7DC64F9224D182A00C8EA66 /* Frameworks */,
				F7DC64FA224D182A00C8EA66 /* Resources */,
				77D07E87F34B40CFBC9E31E4 /* [CP] Embed Pods Frameworks */,
			);
			buildRules = (
			);
			dependencies = (
			);
			name = Howard2;
			productName = Howard2;
			productReference = F7DC64FC224D182A00C8EA66 /* Howard2.app */;
			productType = "com.apple.product-type.application";
		};
		F7DC650F224D182C00C8EA66 /* Howard2Tests */ = {
			isa = PBXNativeTarget;
			buildConfigurationList = F7DC6527224D182C00C8EA66 /* Build configuration list for PBXNativeTarget "Howard2Tests" */;
			buildPhases = (
				77819ECD9031F25CD00F4239 /* [CP] Check Pods Manifest.lock */,
				F7DC650C224D182C00C8EA66 /* Sources */,
				F7DC650D224D182C00C8EA66 /* Frameworks */,
				F7DC650E224D182C00C8EA66 /* Resources */,
			);
			buildRules = (
			);
			dependencies = (
				F7DC6512224D182C00C8EA66 /* PBXTargetDependency */,
			);
			name = Howard2Tests;
			productName = Howard2Tests;
			productReference = F7DC6510224D182C00C8EA66 /* Howard2Tests.xctest */;
			productType = "com.apple.product-type.bundle.unit-test";
		};
		F7DC651A224D182C00C8EA66 /* Howard2UITests */ = {
			isa = PBXNativeTarget;
			buildConfigurationList = F7DC652A224D182C00C8EA66 /* Build configuration list for PBXNativeTarget "Howard2UITests" */;
			buildPhases = (
				CF284C7581AF6B1898D11913 /* [CP] Check Pods Manifest.lock */,
				F7DC6517224D182C00C8EA66 /* Sources */,
				F7DC6518224D182C00C8EA66 /* Frameworks */,
				F7DC6519224D182C00C8EA66 /* Resources */,
			);
			buildRules = (
			);
			dependencies = (
				F7DC651D224D182C00C8EA66 /* PBXTargetDependency */,
			);
			name = Howard2UITests;
			productName = Howard2UITests;
			productReference = F7DC651B224D182C00C8EA66 /* Howard2UITests.xctest */;
			productType = "com.apple.product-type.bundle.ui-testing";
		};
/* End PBXNativeTarget section */

/* Begin PBXProject section */
		F7DC64F4224D182A00C8EA66 /* Project object */ = {
			isa = PBXProject;
			attributes = {
				LastSwiftUpdateCheck = 1020;
				LastUpgradeCheck = 1020;
				ORGANIZATIONNAME = "William Risigo";
				TargetAttributes = {
					F7DC64FB224D182A00C8EA66 = {
						CreatedOnToolsVersion = 10.2;
					};
					F7DC650F224D182C00C8EA66 = {
						CreatedOnToolsVersion = 10.2;
						TestTargetID = F7DC64FB224D182A00C8EA66;
					};
					F7DC651A224D182C00C8EA66 = {
						CreatedOnToolsVersion = 10.2;
						TestTargetID = F7DC64FB224D182A00C8EA66;
					};
				};
			};
			buildConfigurationList = F7DC64F7224D182A00C8EA66 /* Build configuration list for PBXProject "Howard2" */;
			compatibilityVersion = "Xcode 9.3";
			developmentRegion = en;
			hasScannedForEncodings = 0;
			knownRegions = (
				en,
				Base,
			);
			mainGroup = F7DC64F3224D182A00C8EA66;
			productRefGroup = F7DC64FD224D182A00C8EA66 /* Products */;
			projectDirPath = "";
			projectRoot = "";
			targets = (
				F7DC64FB224D182A00C8EA66 /* Howard2 */,
				F7DC650F224D182C00C8EA66 /* Howard2Tests */,
				F7DC651A224D182C00C8EA66 /* Howard2UITests */,
			);
		};
/* End PBXProject section */

/* Begin PBXResourcesBuildPhase section */
		F7DC64FA224D182A00C8EA66 /* Resources */ = {
			isa = PBXResourcesBuildPhase;
			buildActionMask = 2147483647;
			files = (
				3979097C229F929400EAA8FE /* WSJ.png in Resources */,
				39790986229F945F00EAA8FE /* BBC.png in Resources */,
				F74140E5227B2972007836F9 /* note1.wav in Resources */,
				F74140E2227B2972007836F9 /* note5.wav in Resources */,
				3906899322729CEC0068E4D2 /* SD.jpeg in Resources */,
				F7838122227A4F1200902F3B /* Xylophone.storyboard in Resources */,
				3979099422A0025300EAA8FE /* VPR.jpg in Resources */,
				3939DBE222564928001A8A7B /* Signup.storyboard in Resources */,
				970385752274F7A400C47655 /* bus.jpg in Resources */,
				390382912266864B003422D3 /* SettingsIcon.png in Resources */,
				F7DC650A224D182C00C8EA66 /* LaunchScreen.storyboard in Resources */,
				390689A1227948FC0068E4D2 /* peeking reverse.png in Resources */,
				9703857D227A5BC100C47655 /* bus.png in Resources */,
				9703857F227A626900C47655 /* youTube.png in Resources */,
				390689952272A2090068E4D2 /* placeholder.png in Resources */,
				3979097A229F920000EAA8FE /* ABC.png in Resources */,
				3979099022A001FA00EAA8FE /* MCV.jpg in Resources */,
				F7DC6507224D182C00C8EA66 /* Assets.xcassets in Resources */,
				3939DBE022564918001A8A7B /* Login.storyboard in Resources */,
				970385772274FB4700C47655 /* concert.jpg in Resources */,
				3979096C229F791400EAA8FE /* DynamicNews.storyboard in Resources */,
				3903829722668B2A003422D3 /* questionMark.png in Resources */,
				39790980229F930300EAA8FE /* reuters.png in Resources */,
				39B88B962272943D0018B675 /* MCV.png in Resources */,
				F7A70475227A0CDE00C0146B /* MessageCell.xib in Resources */,
				3979095C227A7D1F00EAA8FE /* weather.jpg in Resources */,
				390689992272A4010068E4D2 /* Calender.png in Resources */,
				3903828F2266864B003422D3 /* funguy.png in Resources */,
				3979095A227A7ADE00EAA8FE /* Echo.jpg in Resources */,
				F7838120227A29AF00902F3B /* ChatRoom.storyboard in Resources */,
				3979096E229F792700EAA8FE /* NewsChecklist.storyboard in Resources */,
				970385792274FCCE00C47655 /* speech.jpeg in Resources */,
				39790984229F939C00EAA8FE /* HP.png in Resources */,
				F7A70474227A0CDE00C0146B /* Images.xcassets in Resources */,
				3979099222A0023100EAA8FE /* N10.jpg in Resources */,
				39790978229F91A800EAA8FE /* ALZ.png in Resources */,
				3906899B2272A5810068E4D2 /* thinker.png in Resources */,
				390382932266868F003422D3 /* AskHoward.storyboard in Resources */,
				3979095E227A80FF00EAA8FE /* howardCenter.jpg in Resources */,
				39790974229F910800EAA8FE /* VPR.png in Resources */,
				39790988229F94B400EAA8FE /* guard.png in Resources */,
				3979098E22A001BA00EAA8FE /* WCAX.jpg in Resources */,
				397909622285A9E000EAA8FE /* HowardCenterHeader.png in Resources */,
				9703857B2274FE3B00C47655 /* motivation.jpg in Resources */,
				39B88B93227292620018B675 /* BFP.png in Resources */,
				39068991227298CF0068E4D2 /* N10.png in Resources */,
				3906899D227928A30068E4D2 /* refresh.png in Resources */,
				F7DC652E224D241200C8EA66 /* Apps.storyboard in Resources */,
				390382902266864B003422D3 /* HomeIcon.png in Resources */,
				970385732274F5F900C47655 /* messages.jpg in Resources */,
				3979097E229F92DD00EAA8FE /* NPR.png in Resources */,
				390689A8227A660F0068E4D2 /* curtain.jpg in Resources */,
				F74140E3227B2972007836F9 /* note7.wav in Resources */,
				F74140E1227B2972007836F9 /* note3.wav in Resources */,
				F74140E4227B2972007836F9 /* note4.wav in Resources */,
				39790982229F934500EAA8FE /* AP.png in Resources */,
				39ED26B122723EA600B7D843 /* border.png in Resources */,
				390689972272A33F0068E4D2 /* xylophone.jpg in Resources */,
				F74140DF227B2972007836F9 /* note2.wav in Resources */,
				9703856F22721E7C00C47655 /* Flash.png in Resources */,
				3979098A229F94C000EAA8FE /* WP.png in Resources */,
				F7838118227A126500902F3B /* GoogleService-Info.plist in Resources */,
				F7DC6505224D182A00C8EA66 /* Main.storyboard in Resources */,
				39790976229F916E00EAA8FE /* CNN.png in Resources */,
				39B88B8D22728DC70018B675 /* NewNews.storyboard in Resources */,
				39790958227A76D500EAA8FE /* Roxie.jpg in Resources */,
				396027D4225E9A390007CCDD /* NewCallScreen.storyboard in Resources */,
				F74140E0227B2972007836F9 /* note6.wav in Resources */,
				396E0DC3226FCCD7004F2C13 /* NewCheckList.storyboard in Resources */,
				3979098C22A0012A00EAA8FE /* SD.jpg in Resources */,
				3906899F2279479A0068E4D2 /* peeking.png in Resources */,
			);
			runOnlyForDeploymentPostprocessing = 0;
		};
		F7DC650E224D182C00C8EA66 /* Resources */ = {
			isa = PBXResourcesBuildPhase;
			buildActionMask = 2147483647;
			files = (
			);
			runOnlyForDeploymentPostprocessing = 0;
		};
		F7DC6519224D182C00C8EA66 /* Resources */ = {
			isa = PBXResourcesBuildPhase;
			buildActionMask = 2147483647;
			files = (
			);
			runOnlyForDeploymentPostprocessing = 0;
		};
/* End PBXResourcesBuildPhase section */

/* Begin PBXShellScriptBuildPhase section */
		43D1ACB327C991157FC3D9FF /* [CP] Check Pods Manifest.lock */ = {
			isa = PBXShellScriptBuildPhase;
			buildActionMask = 2147483647;
			files = (
			);
			inputFileListPaths = (
			);
			inputPaths = (
				"${PODS_PODFILE_DIR_PATH}/Podfile.lock",
				"${PODS_ROOT}/Manifest.lock",
			);
			name = "[CP] Check Pods Manifest.lock";
			outputFileListPaths = (
			);
			outputPaths = (
				"$(DERIVED_FILE_DIR)/Pods-Howard2-checkManifestLockResult.txt",
			);
			runOnlyForDeploymentPostprocessing = 0;
			shellPath = /bin/sh;
			shellScript = "diff \"${PODS_PODFILE_DIR_PATH}/Podfile.lock\" \"${PODS_ROOT}/Manifest.lock\" > /dev/null\nif [ $? != 0 ] ; then\n    # print error to STDERR\n    echo \"error: The sandbox is not in sync with the Podfile.lock. Run 'pod install' or update your CocoaPods installation.\" >&2\n    exit 1\nfi\n# This output is used by Xcode 'outputs' to avoid re-running this script phase.\necho \"SUCCESS\" > \"${SCRIPT_OUTPUT_FILE_0}\"\n";
			showEnvVarsInLog = 0;
		};
		77819ECD9031F25CD00F4239 /* [CP] Check Pods Manifest.lock */ = {
			isa = PBXShellScriptBuildPhase;
			buildActionMask = 2147483647;
			files = (
			);
			inputFileListPaths = (
			);
			inputPaths = (
				"${PODS_PODFILE_DIR_PATH}/Podfile.lock",
				"${PODS_ROOT}/Manifest.lock",
			);
			name = "[CP] Check Pods Manifest.lock";
			outputFileListPaths = (
			);
			outputPaths = (
				"$(DERIVED_FILE_DIR)/Pods-Howard2Tests-checkManifestLockResult.txt",
			);
			runOnlyForDeploymentPostprocessing = 0;
			shellPath = /bin/sh;
			shellScript = "diff \"${PODS_PODFILE_DIR_PATH}/Podfile.lock\" \"${PODS_ROOT}/Manifest.lock\" > /dev/null\nif [ $? != 0 ] ; then\n    # print error to STDERR\n    echo \"error: The sandbox is not in sync with the Podfile.lock. Run 'pod install' or update your CocoaPods installation.\" >&2\n    exit 1\nfi\n# This output is used by Xcode 'outputs' to avoid re-running this script phase.\necho \"SUCCESS\" > \"${SCRIPT_OUTPUT_FILE_0}\"\n";
			showEnvVarsInLog = 0;
		};
		77D07E87F34B40CFBC9E31E4 /* [CP] Embed Pods Frameworks */ = {
			isa = PBXShellScriptBuildPhase;
			buildActionMask = 2147483647;
			files = (
			);
			inputFileListPaths = (
			);
			inputPaths = (
				"${PODS_ROOT}/Target Support Files/Pods-Howard2/Pods-Howard2-frameworks.sh",
				"${BUILT_PRODUCTS_DIR}/ChameleonFramework/ChameleonFramework.framework",
				"${BUILT_PRODUCTS_DIR}/GTMSessionFetcher/GTMSessionFetcher.framework",
				"${BUILT_PRODUCTS_DIR}/GoogleUtilities/GoogleUtilities.framework",
				"${BUILT_PRODUCTS_DIR}/SVProgressHUD/SVProgressHUD.framework",
				"${BUILT_PRODUCTS_DIR}/leveldb-library/leveldb.framework",
				"${BUILT_PRODUCTS_DIR}/nanopb/nanopb.framework",
			);
			name = "[CP] Embed Pods Frameworks";
			outputFileListPaths = (
			);
			outputPaths = (
				"${TARGET_BUILD_DIR}/${FRAMEWORKS_FOLDER_PATH}/ChameleonFramework.framework",
				"${TARGET_BUILD_DIR}/${FRAMEWORKS_FOLDER_PATH}/GTMSessionFetcher.framework",
				"${TARGET_BUILD_DIR}/${FRAMEWORKS_FOLDER_PATH}/GoogleUtilities.framework",
				"${TARGET_BUILD_DIR}/${FRAMEWORKS_FOLDER_PATH}/SVProgressHUD.framework",
				"${TARGET_BUILD_DIR}/${FRAMEWORKS_FOLDER_PATH}/leveldb.framework",
				"${TARGET_BUILD_DIR}/${FRAMEWORKS_FOLDER_PATH}/nanopb.framework",
			);
			runOnlyForDeploymentPostprocessing = 0;
			shellPath = /bin/sh;
			shellScript = "\"${PODS_ROOT}/Target Support Files/Pods-Howard2/Pods-Howard2-frameworks.sh\"\n";
			showEnvVarsInLog = 0;
		};
		CF284C7581AF6B1898D11913 /* [CP] Check Pods Manifest.lock */ = {
			isa = PBXShellScriptBuildPhase;
			buildActionMask = 2147483647;
			files = (
			);
			inputFileListPaths = (
			);
			inputPaths = (
				"${PODS_PODFILE_DIR_PATH}/Podfile.lock",
				"${PODS_ROOT}/Manifest.lock",
			);
			name = "[CP] Check Pods Manifest.lock";
			outputFileListPaths = (
			);
			outputPaths = (
				"$(DERIVED_FILE_DIR)/Pods-Howard2UITests-checkManifestLockResult.txt",
			);
			runOnlyForDeploymentPostprocessing = 0;
			shellPath = /bin/sh;
			shellScript = "diff \"${PODS_PODFILE_DIR_PATH}/Podfile.lock\" \"${PODS_ROOT}/Manifest.lock\" > /dev/null\nif [ $? != 0 ] ; then\n    # print error to STDERR\n    echo \"error: The sandbox is not in sync with the Podfile.lock. Run 'pod install' or update your CocoaPods installation.\" >&2\n    exit 1\nfi\n# This output is used by Xcode 'outputs' to avoid re-running this script phase.\necho \"SUCCESS\" > \"${SCRIPT_OUTPUT_FILE_0}\"\n";
			showEnvVarsInLog = 0;
		};
/* End PBXShellScriptBuildPhase section */

/* Begin PBXSourcesBuildPhase section */
		F7DC64F8224D182A00C8EA66 /* Sources */ = {
			isa = PBXSourcesBuildPhase;
			buildActionMask = 2147483647;
			files = (
				F74140E8227B2A51007836F9 /* Xylophone.swift in Sources */,
				F7DC6502224D182A00C8EA66 /* ViewController.swift in Sources */,
				39B88B8F22728DFE0018B675 /* NewNewsController.swift in Sources */,
				F7A70473227A0CDE00C0146B /* Message.swift in Sources */,
				F7A70470227A0CDE00C0146B /* AppDelegate.swift in Sources */,
				396027D6225E9AD90007CCDD /* NewCallScreenController.swift in Sources */,
				3939DBEA2256499B001A8A7B /* SignupController.swift in Sources */,
				3939DBEC225649B9001A8A7B /* LaunchScreenController.swift in Sources */,
				F7A7046C227A0CDE00C0146B /* WelcomeViewController.swift in Sources */,
				F7A7046B227A0CDE00C0146B /* CustomMessageCell.swift in Sources */,
				39038295226689A3003422D3 /* AskHowardController.swift in Sources */,
				39790970229F7E1300EAA8FE /* DynamicNewsController.swift in Sources */,
				F7A7046D227A0CDE00C0146B /* RegisterViewController.swift in Sources */,
				F7A70472227A0CDE00C0146B /* ChatViewController.swift in Sources */,
				3939DBE822564989001A8A7B /* LoginController.swift in Sources */,
				39790972229F84B300EAA8FE /* NewsChecklistController.swift in Sources */,
				F7A70471227A0CDE00C0146B /* LogInViewController.swift in Sources */,
				3939DBEE225649D7001A8A7B /* AppsController.swift in Sources */,
				3BD10A5E22669B5C001D0B5B /* MapViewController.swift in Sources */,
				396E0DC5226FCD86004F2C13 /* NewCheckListController.swift in Sources */,
			);
			runOnlyForDeploymentPostprocessing = 0;
		};
		F7DC650C224D182C00C8EA66 /* Sources */ = {
			isa = PBXSourcesBuildPhase;
			buildActionMask = 2147483647;
			files = (
				F7DC6515224D182C00C8EA66 /* Howard2Tests.swift in Sources */,
			);
			runOnlyForDeploymentPostprocessing = 0;
		};
		F7DC6517224D182C00C8EA66 /* Sources */ = {
			isa = PBXSourcesBuildPhase;
			buildActionMask = 2147483647;
			files = (
				F7DC6520224D182C00C8EA66 /* Howard2UITests.swift in Sources */,
			);
			runOnlyForDeploymentPostprocessing = 0;
		};
/* End PBXSourcesBuildPhase section */

/* Begin PBXTargetDependency section */
		F7DC6512224D182C00C8EA66 /* PBXTargetDependency */ = {
			isa = PBXTargetDependency;
			target = F7DC64FB224D182A00C8EA66 /* Howard2 */;
			targetProxy = F7DC6511224D182C00C8EA66 /* PBXContainerItemProxy */;
		};
		F7DC651D224D182C00C8EA66 /* PBXTargetDependency */ = {
			isa = PBXTargetDependency;
			target = F7DC64FB224D182A00C8EA66 /* Howard2 */;
			targetProxy = F7DC651C224D182C00C8EA66 /* PBXContainerItemProxy */;
		};
/* End PBXTargetDependency section */

/* Begin PBXVariantGroup section */
		F7DC6503224D182A00C8EA66 /* Main.storyboard */ = {
			isa = PBXVariantGroup;
			children = (
				F7DC6504224D182A00C8EA66 /* Base */,
			);
			name = Main.storyboard;
			sourceTree = "<group>";
		};
		F7DC6508224D182C00C8EA66 /* LaunchScreen.storyboard */ = {
			isa = PBXVariantGroup;
			children = (
				F7DC6509224D182C00C8EA66 /* Base */,
			);
			name = LaunchScreen.storyboard;
			sourceTree = "<group>";
		};
/* End PBXVariantGroup section */

/* Begin XCBuildConfiguration section */
		F7DC6522224D182C00C8EA66 /* Debug */ = {
			isa = XCBuildConfiguration;
			buildSettings = {
				ALWAYS_SEARCH_USER_PATHS = NO;
				CLANG_ANALYZER_NONNULL = YES;
				CLANG_ANALYZER_NUMBER_OBJECT_CONVERSION = YES_AGGRESSIVE;
				CLANG_CXX_LANGUAGE_STANDARD = "gnu++14";
				CLANG_CXX_LIBRARY = "libc++";
				CLANG_ENABLE_MODULES = YES;
				CLANG_ENABLE_OBJC_ARC = YES;
				CLANG_ENABLE_OBJC_WEAK = YES;
				CLANG_WARN_BLOCK_CAPTURE_AUTORELEASING = YES;
				CLANG_WARN_BOOL_CONVERSION = YES;
				CLANG_WARN_COMMA = YES;
				CLANG_WARN_CONSTANT_CONVERSION = YES;
				CLANG_WARN_DEPRECATED_OBJC_IMPLEMENTATIONS = YES;
				CLANG_WARN_DIRECT_OBJC_ISA_USAGE = YES_ERROR;
				CLANG_WARN_DOCUMENTATION_COMMENTS = YES;
				CLANG_WARN_EMPTY_BODY = YES;
				CLANG_WARN_ENUM_CONVERSION = YES;
				CLANG_WARN_INFINITE_RECURSION = YES;
				CLANG_WARN_INT_CONVERSION = YES;
				CLANG_WARN_NON_LITERAL_NULL_CONVERSION = YES;
				CLANG_WARN_OBJC_IMPLICIT_RETAIN_SELF = YES;
				CLANG_WARN_OBJC_LITERAL_CONVERSION = YES;
				CLANG_WARN_OBJC_ROOT_CLASS = YES_ERROR;
				CLANG_WARN_RANGE_LOOP_ANALYSIS = YES;
				CLANG_WARN_STRICT_PROTOTYPES = YES;
				CLANG_WARN_SUSPICIOUS_MOVE = YES;
				CLANG_WARN_UNGUARDED_AVAILABILITY = YES_AGGRESSIVE;
				CLANG_WARN_UNREACHABLE_CODE = YES;
				CLANG_WARN__DUPLICATE_METHOD_MATCH = YES;
				CODE_SIGN_IDENTITY = "iPhone Developer";
				COPY_PHASE_STRIP = NO;
				DEBUG_INFORMATION_FORMAT = dwarf;
				ENABLE_STRICT_OBJC_MSGSEND = YES;
				ENABLE_TESTABILITY = YES;
				GCC_C_LANGUAGE_STANDARD = gnu11;
				GCC_DYNAMIC_NO_PIC = NO;
				GCC_NO_COMMON_BLOCKS = YES;
				GCC_OPTIMIZATION_LEVEL = 0;
				GCC_PREPROCESSOR_DEFINITIONS = (
					"DEBUG=1",
					"$(inherited)",
				);
				GCC_WARN_64_TO_32_BIT_CONVERSION = YES;
				GCC_WARN_ABOUT_RETURN_TYPE = YES_ERROR;
				GCC_WARN_UNDECLARED_SELECTOR = YES;
				GCC_WARN_UNINITIALIZED_AUTOS = YES_AGGRESSIVE;
				GCC_WARN_UNUSED_FUNCTION = YES;
				GCC_WARN_UNUSED_VARIABLE = YES;
				IPHONEOS_DEPLOYMENT_TARGET = 12.2;
				MTL_ENABLE_DEBUG_INFO = INCLUDE_SOURCE;
				MTL_FAST_MATH = YES;
				ONLY_ACTIVE_ARCH = YES;
				SDKROOT = iphoneos;
				SWIFT_ACTIVE_COMPILATION_CONDITIONS = DEBUG;
				SWIFT_OPTIMIZATION_LEVEL = "-Onone";
			};
			name = Debug;
		};
		F7DC6523224D182C00C8EA66 /* Release */ = {
			isa = XCBuildConfiguration;
			buildSettings = {
				ALWAYS_SEARCH_USER_PATHS = NO;
				CLANG_ANALYZER_NONNULL = YES;
				CLANG_ANALYZER_NUMBER_OBJECT_CONVERSION = YES_AGGRESSIVE;
				CLANG_CXX_LANGUAGE_STANDARD = "gnu++14";
				CLANG_CXX_LIBRARY = "libc++";
				CLANG_ENABLE_MODULES = YES;
				CLANG_ENABLE_OBJC_ARC = YES;
				CLANG_ENABLE_OBJC_WEAK = YES;
				CLANG_WARN_BLOCK_CAPTURE_AUTORELEASING = YES;
				CLANG_WARN_BOOL_CONVERSION = YES;
				CLANG_WARN_COMMA = YES;
				CLANG_WARN_CONSTANT_CONVERSION = YES;
				CLANG_WARN_DEPRECATED_OBJC_IMPLEMENTATIONS = YES;
				CLANG_WARN_DIRECT_OBJC_ISA_USAGE = YES_ERROR;
				CLANG_WARN_DOCUMENTATION_COMMENTS = YES;
				CLANG_WARN_EMPTY_BODY = YES;
				CLANG_WARN_ENUM_CONVERSION = YES;
				CLANG_WARN_INFINITE_RECURSION = YES;
				CLANG_WARN_INT_CONVERSION = YES;
				CLANG_WARN_NON_LITERAL_NULL_CONVERSION = YES;
				CLANG_WARN_OBJC_IMPLICIT_RETAIN_SELF = YES;
				CLANG_WARN_OBJC_LITERAL_CONVERSION = YES;
				CLANG_WARN_OBJC_ROOT_CLASS = YES_ERROR;
				CLANG_WARN_RANGE_LOOP_ANALYSIS = YES;
				CLANG_WARN_STRICT_PROTOTYPES = YES;
				CLANG_WARN_SUSPICIOUS_MOVE = YES;
				CLANG_WARN_UNGUARDED_AVAILABILITY = YES_AGGRESSIVE;
				CLANG_WARN_UNREACHABLE_CODE = YES;
				CLANG_WARN__DUPLICATE_METHOD_MATCH = YES;
				CODE_SIGN_IDENTITY = "iPhone Developer";
				COPY_PHASE_STRIP = NO;
				DEBUG_INFORMATION_FORMAT = "dwarf-with-dsym";
				ENABLE_NS_ASSERTIONS = NO;
				ENABLE_STRICT_OBJC_MSGSEND = YES;
				GCC_C_LANGUAGE_STANDARD = gnu11;
				GCC_NO_COMMON_BLOCKS = YES;
				GCC_WARN_64_TO_32_BIT_CONVERSION = YES;
				GCC_WARN_ABOUT_RETURN_TYPE = YES_ERROR;
				GCC_WARN_UNDECLARED_SELECTOR = YES;
				GCC_WARN_UNINITIALIZED_AUTOS = YES_AGGRESSIVE;
				GCC_WARN_UNUSED_FUNCTION = YES;
				GCC_WARN_UNUSED_VARIABLE = YES;
				IPHONEOS_DEPLOYMENT_TARGET = 12.2;
				MTL_ENABLE_DEBUG_INFO = NO;
				MTL_FAST_MATH = YES;
				SDKROOT = iphoneos;
				SWIFT_COMPILATION_MODE = wholemodule;
				SWIFT_OPTIMIZATION_LEVEL = "-O";
				VALIDATE_PRODUCT = YES;
			};
			name = Release;
		};
		F7DC6525224D182C00C8EA66 /* Debug */ = {
			isa = XCBuildConfiguration;
			baseConfigurationReference = 95ED57F9C15FD9D490D0A6C1 /* Pods-Howard2.debug.xcconfig */;
			buildSettings = {
				ASSETCATALOG_COMPILER_APPICON_NAME = AppIcon;
				CODE_SIGN_STYLE = Automatic;
				DEVELOPMENT_TEAM = C99N7BFNYQ;
				INFOPLIST_FILE = Howard2/Info.plist;
				IPHONEOS_DEPLOYMENT_TARGET = 12.1;
				LD_RUNPATH_SEARCH_PATHS = (
					"$(inherited)",
					"@executable_path/Frameworks",
				);
				PRODUCT_BUNDLE_IDENTIFIER = com.william.Howard2;
				PRODUCT_NAME = "$(TARGET_NAME)";
				SWIFT_VERSION = 4.2;
				TARGETED_DEVICE_FAMILY = "1,2";
			};
			name = Debug;
		};
		F7DC6526224D182C00C8EA66 /* Release */ = {
			isa = XCBuildConfiguration;
			baseConfigurationReference = 5F9BB3E553FA092987382D05 /* Pods-Howard2.release.xcconfig */;
			buildSettings = {
				ASSETCATALOG_COMPILER_APPICON_NAME = AppIcon;
				CODE_SIGN_STYLE = Automatic;
				DEVELOPMENT_TEAM = C99N7BFNYQ;
				INFOPLIST_FILE = Howard2/Info.plist;
				IPHONEOS_DEPLOYMENT_TARGET = 12.1;
				LD_RUNPATH_SEARCH_PATHS = (
					"$(inherited)",
					"@executable_path/Frameworks",
				);
				PRODUCT_BUNDLE_IDENTIFIER = com.william.Howard2;
				PRODUCT_NAME = "$(TARGET_NAME)";
				SWIFT_VERSION = 4.2;
				TARGETED_DEVICE_FAMILY = "1,2";
			};
			name = Release;
		};
		F7DC6528224D182C00C8EA66 /* Debug */ = {
			isa = XCBuildConfiguration;
			baseConfigurationReference = 8EB9640237BD46A865126FA4 /* Pods-Howard2Tests.debug.xcconfig */;
			buildSettings = {
				ALWAYS_EMBED_SWIFT_STANDARD_LIBRARIES = YES;
				BUNDLE_LOADER = "$(TEST_HOST)";
				CODE_SIGN_STYLE = Automatic;
				INFOPLIST_FILE = Howard2Tests/Info.plist;
				LD_RUNPATH_SEARCH_PATHS = (
					"$(inherited)",
					"@executable_path/Frameworks",
					"@loader_path/Frameworks",
				);
				PRODUCT_BUNDLE_IDENTIFIER = com.william.Howard2Tests;
				PRODUCT_NAME = "$(TARGET_NAME)";
				SWIFT_VERSION = 5.0;
				TARGETED_DEVICE_FAMILY = "1,2";
				TEST_HOST = "$(BUILT_PRODUCTS_DIR)/Howard2.app/Howard2";
			};
			name = Debug;
		};
		F7DC6529224D182C00C8EA66 /* Release */ = {
			isa = XCBuildConfiguration;
			baseConfigurationReference = 13131011034041BCEA7925CB /* Pods-Howard2Tests.release.xcconfig */;
			buildSettings = {
				ALWAYS_EMBED_SWIFT_STANDARD_LIBRARIES = YES;
				BUNDLE_LOADER = "$(TEST_HOST)";
				CODE_SIGN_STYLE = Automatic;
				INFOPLIST_FILE = Howard2Tests/Info.plist;
				LD_RUNPATH_SEARCH_PATHS = (
					"$(inherited)",
					"@executable_path/Frameworks",
					"@loader_path/Frameworks",
				);
				PRODUCT_BUNDLE_IDENTIFIER = com.william.Howard2Tests;
				PRODUCT_NAME = "$(TARGET_NAME)";
				SWIFT_VERSION = 5.0;
				TARGETED_DEVICE_FAMILY = "1,2";
				TEST_HOST = "$(BUILT_PRODUCTS_DIR)/Howard2.app/Howard2";
			};
			name = Release;
		};
		F7DC652B224D182C00C8EA66 /* Debug */ = {
			isa = XCBuildConfiguration;
			baseConfigurationReference = 6CDB798EA0DE69394BFC242F /* Pods-Howard2UITests.debug.xcconfig */;
			buildSettings = {
				ALWAYS_EMBED_SWIFT_STANDARD_LIBRARIES = YES;
				CODE_SIGN_STYLE = Automatic;
				INFOPLIST_FILE = Howard2UITests/Info.plist;
				LD_RUNPATH_SEARCH_PATHS = (
					"$(inherited)",
					"@executable_path/Frameworks",
					"@loader_path/Frameworks",
				);
				PRODUCT_BUNDLE_IDENTIFIER = com.william.Howard2UITests;
				PRODUCT_NAME = "$(TARGET_NAME)";
				SWIFT_VERSION = 5.0;
				TARGETED_DEVICE_FAMILY = "1,2";
				TEST_TARGET_NAME = Howard2;
			};
			name = Debug;
		};
		F7DC652C224D182C00C8EA66 /* Release */ = {
			isa = XCBuildConfiguration;
			baseConfigurationReference = 4334D3AEF8A2D47BF7F50B80 /* Pods-Howard2UITests.release.xcconfig */;
			buildSettings = {
				ALWAYS_EMBED_SWIFT_STANDARD_LIBRARIES = YES;
				CODE_SIGN_STYLE = Automatic;
				INFOPLIST_FILE = Howard2UITests/Info.plist;
				LD_RUNPATH_SEARCH_PATHS = (
					"$(inherited)",
					"@executable_path/Frameworks",
					"@loader_path/Frameworks",
				);
				PRODUCT_BUNDLE_IDENTIFIER = com.william.Howard2UITests;
				PRODUCT_NAME = "$(TARGET_NAME)";
				SWIFT_VERSION = 5.0;
				TARGETED_DEVICE_FAMILY = "1,2";
				TEST_TARGET_NAME = Howard2;
			};
			name = Release;
		};
/* End XCBuildConfiguration section */

/* Begin XCConfigurationList section */
		F7DC64F7224D182A00C8EA66 /* Build configuration list for PBXProject "Howard2" */ = {
			isa = XCConfigurationList;
			buildConfigurations = (
				F7DC6522224D182C00C8EA66 /* Debug */,
				F7DC6523224D182C00C8EA66 /* Release */,
			);
			defaultConfigurationIsVisible = 0;
			defaultConfigurationName = Release;
		};
		F7DC6524224D182C00C8EA66 /* Build configuration list for PBXNativeTarget "Howard2" */ = {
			isa = XCConfigurationList;
			buildConfigurations = (
				F7DC6525224D182C00C8EA66 /* Debug */,
				F7DC6526224D182C00C8EA66 /* Release */,
			);
			defaultConfigurationIsVisible = 0;
			defaultConfigurationName = Release;
		};
		F7DC6527224D182C00C8EA66 /* Build configuration list for PBXNativeTarget "Howard2Tests" */ = {
			isa = XCConfigurationList;
			buildConfigurations = (
				F7DC6528224D182C00C8EA66 /* Debug */,
				F7DC6529224D182C00C8EA66 /* Release */,
			);
			defaultConfigurationIsVisible = 0;
			defaultConfigurationName = Release;
		};
		F7DC652A224D182C00C8EA66 /* Build configuration list for PBXNativeTarget "Howard2UITests" */ = {
			isa = XCConfigurationList;
			buildConfigurations = (
				F7DC652B224D182C00C8EA66 /* Debug */,
				F7DC652C224D182C00C8EA66 /* Release */,
			);
			defaultConfigurationIsVisible = 0;
			defaultConfigurationName = Release;
		};
/* End XCConfigurationList section */
	};
	rootObject = F7DC64F4224D182A00C8EA66 /* Project object */;
}
